// !$*UTF8*$!
{
	archiveVersion = 1;
	classes = {
	};
	objectVersion = 46;
	objects = {

/* Begin PBXBuildFile section */
		277ADAF01BFE87E000E17F0E /* MMPickerView.m in Sources */ = {isa = PBXBuildFile; fileRef = 277ADAEF1BFE87E000E17F0E /* MMPickerView.m */; };
		277ADAF21BFE942C00E17F0E /* PickerGroupButton.swift in Sources */ = {isa = PBXBuildFile; fileRef = 277ADAF11BFE942C00E17F0E /* PickerGroupButton.swift */; };
		277ADAF41BFECED500E17F0E /* CreateKnockoutViewController.swift in Sources */ = {isa = PBXBuildFile; fileRef = 277ADAF31BFECED500E17F0E /* CreateKnockoutViewController.swift */; };
		277ADAF61BFEF3C600E17F0E /* BracketMatch.swift in Sources */ = {isa = PBXBuildFile; fileRef = 277ADAF51BFEF3C600E17F0E /* BracketMatch.swift */; };
		27A0AE9B1BF814A900AA57F1 /* AppDelegate.swift in Sources */ = {isa = PBXBuildFile; fileRef = 27A0AE9A1BF814A900AA57F1 /* AppDelegate.swift */; };
		27A0AE9D1BF814A900AA57F1 /* LoginViewController.swift in Sources */ = {isa = PBXBuildFile; fileRef = 27A0AE9C1BF814A900AA57F1 /* LoginViewController.swift */; };
		27A0AEA01BF814A900AA57F1 /* Main.storyboard in Resources */ = {isa = PBXBuildFile; fileRef = 27A0AE9E1BF814A900AA57F1 /* Main.storyboard */; };
		27A0AEA31BF814A900AA57F1 /* TournaMake.xcdatamodeld in Sources */ = {isa = PBXBuildFile; fileRef = 27A0AEA11BF814A900AA57F1 /* TournaMake.xcdatamodeld */; };
		27A0AEA51BF814A900AA57F1 /* Assets.xcassets in Resources */ = {isa = PBXBuildFile; fileRef = 27A0AEA41BF814A900AA57F1 /* Assets.xcassets */; };
		27A0AEA81BF814A900AA57F1 /* LaunchScreen.storyboard in Resources */ = {isa = PBXBuildFile; fileRef = 27A0AEA61BF814A900AA57F1 /* LaunchScreen.storyboard */; };
		27A0AEB31BF814A900AA57F1 /* TournaMakeTests.swift in Sources */ = {isa = PBXBuildFile; fileRef = 27A0AEB21BF814A900AA57F1 /* TournaMakeTests.swift */; };
		27A0AEBE1BF814A900AA57F1 /* TournaMakeUITests.swift in Sources */ = {isa = PBXBuildFile; fileRef = 27A0AEBD1BF814A900AA57F1 /* TournaMakeUITests.swift */; };
		27A0AECD1BF8415500AA57F1 /* SignUpViewController.swift in Sources */ = {isa = PBXBuildFile; fileRef = 27A0AECC1BF8415500AA57F1 /* SignUpViewController.swift */; };
		27A0AECF1BF846A400AA57F1 /* MyTournamentsViewController.swift in Sources */ = {isa = PBXBuildFile; fileRef = 27A0AECE1BF846A400AA57F1 /* MyTournamentsViewController.swift */; };
		27A0AED41BFBF00D00AA57F1 /* Tournament.swift in Sources */ = {isa = PBXBuildFile; fileRef = 27A0AED21BFBF00D00AA57F1 /* Tournament.swift */; };
		27A0AED81BFBF02000AA57F1 /* Entrant.swift in Sources */ = {isa = PBXBuildFile; fileRef = 27A0AED61BFBF02000AA57F1 /* Entrant.swift */; };
		27A0AEDC1BFBF02E00AA57F1 /* Match.swift in Sources */ = {isa = PBXBuildFile; fileRef = 27A0AEDA1BFBF02E00AA57F1 /* Match.swift */; };
		27A0AEE81BFBF30B00AA57F1 /* Match+CoreDataProperties.swift in Sources */ = {isa = PBXBuildFile; fileRef = 27A0AEE51BFBF30B00AA57F1 /* Match+CoreDataProperties.swift */; };
		27A0AEE91BFBF30B00AA57F1 /* Tournament+CoreDataProperties.swift in Sources */ = {isa = PBXBuildFile; fileRef = 27A0AEE61BFBF30B00AA57F1 /* Tournament+CoreDataProperties.swift */; };
		27A0AEEA1BFBF30B00AA57F1 /* Entrant+CoreDataProperties.swift in Sources */ = {isa = PBXBuildFile; fileRef = 27A0AEE71BFBF30B00AA57F1 /* Entrant+CoreDataProperties.swift */; };
		27A0AEEC1BFBF4A800AA57F1 /* CreateTournamentViewController.swift in Sources */ = {isa = PBXBuildFile; fileRef = 27A0AEEB1BFBF4A800AA57F1 /* CreateTournamentViewController.swift */; };
		27A0AEF01BFC2A2900AA57F1 /* FormValidation.swift in Sources */ = {isa = PBXBuildFile; fileRef = 27A0AEEF1BFC2A2900AA57F1 /* FormValidation.swift */; };
		27A0AEF21BFC429200AA57F1 /* UIHelper.swift in Sources */ = {isa = PBXBuildFile; fileRef = 27A0AEF11BFC429200AA57F1 /* UIHelper.swift */; };
		27A0AEF41BFD0AFE00AA57F1 /* CreateGroupStageViewController.swift in Sources */ = {isa = PBXBuildFile; fileRef = 27A0AEF31BFD0AFE00AA57F1 /* CreateGroupStageViewController.swift */; };
		27A0AEF71BFD383400AA57F1 /* CreateGroupSlotCell.swift in Sources */ = {isa = PBXBuildFile; fileRef = 27A0AEF61BFD383400AA57F1 /* CreateGroupSlotCell.swift */; };
		27A0AEF91BFD3A7900AA57F1 /* TournamentData.swift in Sources */ = {isa = PBXBuildFile; fileRef = 27A0AEF81BFD3A7900AA57F1 /* TournamentData.swift */; };
		27E82E8A1BFFA13B00C879AF /* MathHelper.swift in Sources */ = {isa = PBXBuildFile; fileRef = 27E82E891BFFA13B00C879AF /* MathHelper.swift */; };
		27E82E8C1BFFCCC200C879AF /* BracketCalculator.swift in Sources */ = {isa = PBXBuildFile; fileRef = 27E82E8B1BFFCCC200C879AF /* BracketCalculator.swift */; };
		27E82E8E1BFFF82700C879AF /* GroupCalculator.swift in Sources */ = {isa = PBXBuildFile; fileRef = 27E82E8D1BFFF82700C879AF /* GroupCalculator.swift */; };
/* End PBXBuildFile section */

/* Begin PBXContainerItemProxy section */
		27A0AEAF1BF814A900AA57F1 /* PBXContainerItemProxy */ = {
			isa = PBXContainerItemProxy;
			containerPortal = 27A0AE8F1BF814A900AA57F1 /* Project object */;
			proxyType = 1;
			remoteGlobalIDString = 27A0AE961BF814A900AA57F1;
			remoteInfo = TournaMake;
		};
		27A0AEBA1BF814A900AA57F1 /* PBXContainerItemProxy */ = {
			isa = PBXContainerItemProxy;
			containerPortal = 27A0AE8F1BF814A900AA57F1 /* Project object */;
			proxyType = 1;
			remoteGlobalIDString = 27A0AE961BF814A900AA57F1;
			remoteInfo = TournaMake;
		};
/* End PBXContainerItemProxy section */

/* Begin PBXFileReference section */
		277ADAED1BFE87DF00E17F0E /* TournaMake-Bridging-Header.h */ = {isa = PBXFileReference; lastKnownFileType = sourcecode.c.h; path = "TournaMake-Bridging-Header.h"; sourceTree = "<group>"; };
		277ADAEE1BFE87E000E17F0E /* MMPickerView.h */ = {isa = PBXFileReference; fileEncoding = 4; lastKnownFileType = sourcecode.c.h; path = MMPickerView.h; sourceTree = "<group>"; };
		277ADAEF1BFE87E000E17F0E /* MMPickerView.m */ = {isa = PBXFileReference; fileEncoding = 4; lastKnownFileType = sourcecode.c.objc; path = MMPickerView.m; sourceTree = "<group>"; };
		277ADAF11BFE942C00E17F0E /* PickerGroupButton.swift */ = {isa = PBXFileReference; fileEncoding = 4; lastKnownFileType = sourcecode.swift; path = PickerGroupButton.swift; sourceTree = "<group>"; };
		277ADAF31BFECED500E17F0E /* CreateKnockoutViewController.swift */ = {isa = PBXFileReference; fileEncoding = 4; lastKnownFileType = sourcecode.swift; path = CreateKnockoutViewController.swift; sourceTree = "<group>"; };
		277ADAF51BFEF3C600E17F0E /* BracketMatch.swift */ = {isa = PBXFileReference; fileEncoding = 4; lastKnownFileType = sourcecode.swift; path = BracketMatch.swift; sourceTree = "<group>"; };
		27A0AE971BF814A900AA57F1 /* TournaMake.app */ = {isa = PBXFileReference; explicitFileType = wrapper.application; includeInIndex = 0; path = TournaMake.app; sourceTree = BUILT_PRODUCTS_DIR; };
		27A0AE9A1BF814A900AA57F1 /* AppDelegate.swift */ = {isa = PBXFileReference; lastKnownFileType = sourcecode.swift; path = AppDelegate.swift; sourceTree = "<group>"; };
		27A0AE9C1BF814A900AA57F1 /* LoginViewController.swift */ = {isa = PBXFileReference; lastKnownFileType = sourcecode.swift; path = LoginViewController.swift; sourceTree = "<group>"; };
		27A0AE9F1BF814A900AA57F1 /* Base */ = {isa = PBXFileReference; lastKnownFileType = file.storyboard; name = Base; path = Base.lproj/Main.storyboard; sourceTree = "<group>"; };
		27A0AEA21BF814A900AA57F1 /* TournaMake.xcdatamodel */ = {isa = PBXFileReference; lastKnownFileType = wrapper.xcdatamodel; path = TournaMake.xcdatamodel; sourceTree = "<group>"; };
		27A0AEA41BF814A900AA57F1 /* Assets.xcassets */ = {isa = PBXFileReference; lastKnownFileType = folder.assetcatalog; path = Assets.xcassets; sourceTree = "<group>"; };
		27A0AEA71BF814A900AA57F1 /* Base */ = {isa = PBXFileReference; lastKnownFileType = file.storyboard; name = Base; path = Base.lproj/LaunchScreen.storyboard; sourceTree = "<group>"; };
		27A0AEA91BF814A900AA57F1 /* Info.plist */ = {isa = PBXFileReference; lastKnownFileType = text.plist.xml; path = Info.plist; sourceTree = "<group>"; };
		27A0AEAE1BF814A900AA57F1 /* TournaMakeTests.xctest */ = {isa = PBXFileReference; explicitFileType = wrapper.cfbundle; includeInIndex = 0; path = TournaMakeTests.xctest; sourceTree = BUILT_PRODUCTS_DIR; };
		27A0AEB21BF814A900AA57F1 /* TournaMakeTests.swift */ = {isa = PBXFileReference; lastKnownFileType = sourcecode.swift; path = TournaMakeTests.swift; sourceTree = "<group>"; };
		27A0AEB41BF814A900AA57F1 /* Info.plist */ = {isa = PBXFileReference; lastKnownFileType = text.plist.xml; path = Info.plist; sourceTree = "<group>"; };
		27A0AEB91BF814A900AA57F1 /* TournaMakeUITests.xctest */ = {isa = PBXFileReference; explicitFileType = wrapper.cfbundle; includeInIndex = 0; path = TournaMakeUITests.xctest; sourceTree = BUILT_PRODUCTS_DIR; };
		27A0AEBD1BF814A900AA57F1 /* TournaMakeUITests.swift */ = {isa = PBXFileReference; lastKnownFileType = sourcecode.swift; path = TournaMakeUITests.swift; sourceTree = "<group>"; };
		27A0AEBF1BF814A900AA57F1 /* Info.plist */ = {isa = PBXFileReference; lastKnownFileType = text.plist.xml; path = Info.plist; sourceTree = "<group>"; };
		27A0AECC1BF8415500AA57F1 /* SignUpViewController.swift */ = {isa = PBXFileReference; fileEncoding = 4; lastKnownFileType = sourcecode.swift; path = SignUpViewController.swift; sourceTree = "<group>"; };
		27A0AECE1BF846A400AA57F1 /* MyTournamentsViewController.swift */ = {isa = PBXFileReference; fileEncoding = 4; lastKnownFileType = sourcecode.swift; path = MyTournamentsViewController.swift; sourceTree = "<group>"; };
		27A0AED21BFBF00D00AA57F1 /* Tournament.swift */ = {isa = PBXFileReference; fileEncoding = 4; lastKnownFileType = sourcecode.swift; path = Tournament.swift; sourceTree = "<group>"; };
		27A0AED61BFBF02000AA57F1 /* Entrant.swift */ = {isa = PBXFileReference; fileEncoding = 4; lastKnownFileType = sourcecode.swift; path = Entrant.swift; sourceTree = "<group>"; };
		27A0AEDA1BFBF02E00AA57F1 /* Match.swift */ = {isa = PBXFileReference; fileEncoding = 4; lastKnownFileType = sourcecode.swift; path = Match.swift; sourceTree = "<group>"; };
		27A0AEE51BFBF30B00AA57F1 /* Match+CoreDataProperties.swift */ = {isa = PBXFileReference; fileEncoding = 4; lastKnownFileType = sourcecode.swift; path = "Match+CoreDataProperties.swift"; sourceTree = "<group>"; };
		27A0AEE61BFBF30B00AA57F1 /* Tournament+CoreDataProperties.swift */ = {isa = PBXFileReference; fileEncoding = 4; lastKnownFileType = sourcecode.swift; path = "Tournament+CoreDataProperties.swift"; sourceTree = "<group>"; };
		27A0AEE71BFBF30B00AA57F1 /* Entrant+CoreDataProperties.swift */ = {isa = PBXFileReference; fileEncoding = 4; lastKnownFileType = sourcecode.swift; path = "Entrant+CoreDataProperties.swift"; sourceTree = "<group>"; };
		27A0AEEB1BFBF4A800AA57F1 /* CreateTournamentViewController.swift */ = {isa = PBXFileReference; fileEncoding = 4; lastKnownFileType = sourcecode.swift; path = CreateTournamentViewController.swift; sourceTree = "<group>"; };
		27A0AEEF1BFC2A2900AA57F1 /* FormValidation.swift */ = {isa = PBXFileReference; fileEncoding = 4; lastKnownFileType = sourcecode.swift; path = FormValidation.swift; sourceTree = "<group>"; };
		27A0AEF11BFC429200AA57F1 /* UIHelper.swift */ = {isa = PBXFileReference; fileEncoding = 4; lastKnownFileType = sourcecode.swift; path = UIHelper.swift; sourceTree = "<group>"; };
		27A0AEF31BFD0AFE00AA57F1 /* CreateGroupStageViewController.swift */ = {isa = PBXFileReference; fileEncoding = 4; lastKnownFileType = sourcecode.swift; path = CreateGroupStageViewController.swift; sourceTree = "<group>"; };
		27A0AEF61BFD383400AA57F1 /* CreateGroupSlotCell.swift */ = {isa = PBXFileReference; fileEncoding = 4; lastKnownFileType = sourcecode.swift; path = CreateGroupSlotCell.swift; sourceTree = "<group>"; };
		27A0AEF81BFD3A7900AA57F1 /* TournamentData.swift */ = {isa = PBXFileReference; fileEncoding = 4; lastKnownFileType = sourcecode.swift; path = TournamentData.swift; sourceTree = "<group>"; };
		27E82E891BFFA13B00C879AF /* MathHelper.swift */ = {isa = PBXFileReference; fileEncoding = 4; lastKnownFileType = sourcecode.swift; path = MathHelper.swift; sourceTree = "<group>"; };
		27E82E8B1BFFCCC200C879AF /* BracketCalculator.swift */ = {isa = PBXFileReference; fileEncoding = 4; lastKnownFileType = sourcecode.swift; path = BracketCalculator.swift; sourceTree = "<group>"; };
		27E82E8D1BFFF82700C879AF /* GroupCalculator.swift */ = {isa = PBXFileReference; fileEncoding = 4; lastKnownFileType = sourcecode.swift; path = GroupCalculator.swift; sourceTree = "<group>"; };
/* End PBXFileReference section */

/* Begin PBXFrameworksBuildPhase section */
		27A0AE941BF814A900AA57F1 /* Frameworks */ = {
			isa = PBXFrameworksBuildPhase;
			buildActionMask = 2147483647;
			files = (
			);
			runOnlyForDeploymentPostprocessing = 0;
		};
		27A0AEAB1BF814A900AA57F1 /* Frameworks */ = {
			isa = PBXFrameworksBuildPhase;
			buildActionMask = 2147483647;
			files = (
			);
			runOnlyForDeploymentPostprocessing = 0;
		};
		27A0AEB61BF814A900AA57F1 /* Frameworks */ = {
			isa = PBXFrameworksBuildPhase;
			buildActionMask = 2147483647;
			files = (
			);
			runOnlyForDeploymentPostprocessing = 0;
		};
/* End PBXFrameworksBuildPhase section */

/* Begin PBXGroup section */
		277ADAEC1BFE871A00E17F0E /* 3rdParty */ = {
			isa = PBXGroup;
			children = (
				277ADAEE1BFE87E000E17F0E /* MMPickerView.h */,
				277ADAEF1BFE87E000E17F0E /* MMPickerView.m */,
				277ADAED1BFE87DF00E17F0E /* TournaMake-Bridging-Header.h */,
			);
			name = 3rdParty;
			sourceTree = "<group>";
		};
		27A0AE8E1BF814A900AA57F1 = {
			isa = PBXGroup;
			children = (
				27A0AE991BF814A900AA57F1 /* TournaMake */,
				27A0AEB11BF814A900AA57F1 /* TournaMakeTests */,
				27A0AEBC1BF814A900AA57F1 /* TournaMakeUITests */,
				27A0AE981BF814A900AA57F1 /* Products */,
			);
			sourceTree = "<group>";
		};
		27A0AE981BF814A900AA57F1 /* Products */ = {
			isa = PBXGroup;
			children = (
				27A0AE971BF814A900AA57F1 /* TournaMake.app */,
				27A0AEAE1BF814A900AA57F1 /* TournaMakeTests.xctest */,
				27A0AEB91BF814A900AA57F1 /* TournaMakeUITests.xctest */,
			);
			name = Products;
			sourceTree = "<group>";
		};
		27A0AE991BF814A900AA57F1 /* TournaMake */ = {
			isa = PBXGroup;
			children = (
				27A0AE9A1BF814A900AA57F1 /* AppDelegate.swift */,
				27A0AECB1BF8411800AA57F1 /* ViewControllers */,
				27A0AED01BFBEFF100AA57F1 /* Models */,
				27A0AEF51BFD37E700AA57F1 /* TableViewCells */,
				27A0AEEE1BFC2A0C00AA57F1 /* Helpers */,
				277ADAEC1BFE871A00E17F0E /* 3rdParty */,
				27A0AEFA1BFE586100AA57F1 /* UI-Items */,
				27A0AE9E1BF814A900AA57F1 /* Main.storyboard */,
				27A0AEA41BF814A900AA57F1 /* Assets.xcassets */,
				27A0AEA61BF814A900AA57F1 /* LaunchScreen.storyboard */,
				27A0AEA91BF814A900AA57F1 /* Info.plist */,
				27A0AEA11BF814A900AA57F1 /* TournaMake.xcdatamodeld */,
			);
			path = TournaMake;
			sourceTree = "<group>";
		};
		27A0AEB11BF814A900AA57F1 /* TournaMakeTests */ = {
			isa = PBXGroup;
			children = (
				27A0AEB21BF814A900AA57F1 /* TournaMakeTests.swift */,
				27A0AEB41BF814A900AA57F1 /* Info.plist */,
			);
			path = TournaMakeTests;
			sourceTree = "<group>";
		};
		27A0AEBC1BF814A900AA57F1 /* TournaMakeUITests */ = {
			isa = PBXGroup;
			children = (
				27A0AEBD1BF814A900AA57F1 /* TournaMakeUITests.swift */,
				27A0AEBF1BF814A900AA57F1 /* Info.plist */,
			);
			path = TournaMakeUITests;
			sourceTree = "<group>";
		};
		27A0AECB1BF8411800AA57F1 /* ViewControllers */ = {
			isa = PBXGroup;
			children = (
				27A0AE9C1BF814A900AA57F1 /* LoginViewController.swift */,
				27A0AECC1BF8415500AA57F1 /* SignUpViewController.swift */,
				27A0AECE1BF846A400AA57F1 /* MyTournamentsViewController.swift */,
				27A0AEEB1BFBF4A800AA57F1 /* CreateTournamentViewController.swift */,
				27A0AEF31BFD0AFE00AA57F1 /* CreateGroupStageViewController.swift */,
				277ADAF31BFECED500E17F0E /* CreateKnockoutViewController.swift */,
			);
			name = ViewControllers;
			sourceTree = "<group>";
		};
		27A0AED01BFBEFF100AA57F1 /* Models */ = {
			isa = PBXGroup;
			children = (
				277ADAF51BFEF3C600E17F0E /* BracketMatch.swift */,
				27A0AEF81BFD3A7900AA57F1 /* TournamentData.swift */,
				27A0AED21BFBF00D00AA57F1 /* Tournament.swift */,
				27A0AED61BFBF02000AA57F1 /* Entrant.swift */,
				27A0AEDA1BFBF02E00AA57F1 /* Match.swift */,
				27A0AEE51BFBF30B00AA57F1 /* Match+CoreDataProperties.swift */,
				27A0AEE61BFBF30B00AA57F1 /* Tournament+CoreDataProperties.swift */,
				27A0AEE71BFBF30B00AA57F1 /* Entrant+CoreDataProperties.swift */,
			);
			name = Models;
			sourceTree = "<group>";
		};
		27A0AEEE1BFC2A0C00AA57F1 /* Helpers */ = {
			isa = PBXGroup;
			children = (
				27A0AEEF1BFC2A2900AA57F1 /* FormValidation.swift */,
				27A0AEF11BFC429200AA57F1 /* UIHelper.swift */,
				27E82E891BFFA13B00C879AF /* MathHelper.swift */,
				27E82E8B1BFFCCC200C879AF /* BracketCalculator.swift */,
				27E82E8D1BFFF82700C879AF /* GroupCalculator.swift */,
			);
			name = Helpers;
			sourceTree = "<group>";
		};
		27A0AEF51BFD37E700AA57F1 /* TableViewCells */ = {
			isa = PBXGroup;
			children = (
				27A0AEF61BFD383400AA57F1 /* CreateGroupSlotCell.swift */,
			);
			name = TableViewCells;
			sourceTree = "<group>";
		};
		27A0AEFA1BFE586100AA57F1 /* UI-Items */ = {
			isa = PBXGroup;
			children = (
				277ADAF11BFE942C00E17F0E /* PickerGroupButton.swift */,
			);
			name = "UI-Items";
			sourceTree = "<group>";
		};
/* End PBXGroup section */

/* Begin PBXNativeTarget section */
		27A0AE961BF814A900AA57F1 /* TournaMake */ = {
			isa = PBXNativeTarget;
			buildConfigurationList = 27A0AEC21BF814A900AA57F1 /* Build configuration list for PBXNativeTarget "TournaMake" */;
			buildPhases = (
				27A0AE931BF814A900AA57F1 /* Sources */,
				27A0AE941BF814A900AA57F1 /* Frameworks */,
				27A0AE951BF814A900AA57F1 /* Resources */,
			);
			buildRules = (
			);
			dependencies = (
			);
			name = TournaMake;
			productName = TournaMake;
			productReference = 27A0AE971BF814A900AA57F1 /* TournaMake.app */;
			productType = "com.apple.product-type.application";
		};
		27A0AEAD1BF814A900AA57F1 /* TournaMakeTests */ = {
			isa = PBXNativeTarget;
			buildConfigurationList = 27A0AEC51BF814A900AA57F1 /* Build configuration list for PBXNativeTarget "TournaMakeTests" */;
			buildPhases = (
				27A0AEAA1BF814A900AA57F1 /* Sources */,
				27A0AEAB1BF814A900AA57F1 /* Frameworks */,
				27A0AEAC1BF814A900AA57F1 /* Resources */,
			);
			buildRules = (
			);
			dependencies = (
				27A0AEB01BF814A900AA57F1 /* PBXTargetDependency */,
			);
			name = TournaMakeTests;
			productName = TournaMakeTests;
			productReference = 27A0AEAE1BF814A900AA57F1 /* TournaMakeTests.xctest */;
			productType = "com.apple.product-type.bundle.unit-test";
		};
		27A0AEB81BF814A900AA57F1 /* TournaMakeUITests */ = {
			isa = PBXNativeTarget;
			buildConfigurationList = 27A0AEC81BF814A900AA57F1 /* Build configuration list for PBXNativeTarget "TournaMakeUITests" */;
			buildPhases = (
				27A0AEB51BF814A900AA57F1 /* Sources */,
				27A0AEB61BF814A900AA57F1 /* Frameworks */,
				27A0AEB71BF814A900AA57F1 /* Resources */,
			);
			buildRules = (
			);
			dependencies = (
				27A0AEBB1BF814A900AA57F1 /* PBXTargetDependency */,
			);
			name = TournaMakeUITests;
			productName = TournaMakeUITests;
			productReference = 27A0AEB91BF814A900AA57F1 /* TournaMakeUITests.xctest */;
			productType = "com.apple.product-type.bundle.ui-testing";
		};
/* End PBXNativeTarget section */

/* Begin PBXProject section */
		27A0AE8F1BF814A900AA57F1 /* Project object */ = {
			isa = PBXProject;
			attributes = {
				LastSwiftUpdateCheck = 0710;
				LastUpgradeCheck = 0710;
				ORGANIZATIONNAME = "Dan Hoang";
				TargetAttributes = {
					27A0AE961BF814A900AA57F1 = {
						CreatedOnToolsVersion = 7.1.1;
					};
					27A0AEAD1BF814A900AA57F1 = {
						CreatedOnToolsVersion = 7.1.1;
						TestTargetID = 27A0AE961BF814A900AA57F1;
					};
					27A0AEB81BF814A900AA57F1 = {
						CreatedOnToolsVersion = 7.1.1;
						TestTargetID = 27A0AE961BF814A900AA57F1;
					};
				};
			};
			buildConfigurationList = 27A0AE921BF814A900AA57F1 /* Build configuration list for PBXProject "TournaMake" */;
			compatibilityVersion = "Xcode 3.2";
			developmentRegion = English;
			hasScannedForEncodings = 0;
			knownRegions = (
				en,
				Base,
			);
			mainGroup = 27A0AE8E1BF814A900AA57F1;
			productRefGroup = 27A0AE981BF814A900AA57F1 /* Products */;
			projectDirPath = "";
			projectRoot = "";
			targets = (
				27A0AE961BF814A900AA57F1 /* TournaMake */,
				27A0AEAD1BF814A900AA57F1 /* TournaMakeTests */,
				27A0AEB81BF814A900AA57F1 /* TournaMakeUITests */,
			);
		};
/* End PBXProject section */

/* Begin PBXResourcesBuildPhase section */
		27A0AE951BF814A900AA57F1 /* Resources */ = {
			isa = PBXResourcesBuildPhase;
			buildActionMask = 2147483647;
			files = (
				27A0AEA81BF814A900AA57F1 /* LaunchScreen.storyboard in Resources */,
				27A0AEA51BF814A900AA57F1 /* Assets.xcassets in Resources */,
				27A0AEA01BF814A900AA57F1 /* Main.storyboard in Resources */,
			);
			runOnlyForDeploymentPostprocessing = 0;
		};
		27A0AEAC1BF814A900AA57F1 /* Resources */ = {
			isa = PBXResourcesBuildPhase;
			buildActionMask = 2147483647;
			files = (
			);
			runOnlyForDeploymentPostprocessing = 0;
		};
		27A0AEB71BF814A900AA57F1 /* Resources */ = {
			isa = PBXResourcesBuildPhase;
			buildActionMask = 2147483647;
			files = (
			);
			runOnlyForDeploymentPostprocessing = 0;
		};
/* End PBXResourcesBuildPhase section */

/* Begin PBXSourcesBuildPhase section */
		27A0AE931BF814A900AA57F1 /* Sources */ = {
			isa = PBXSourcesBuildPhase;
			buildActionMask = 2147483647;
			files = (
				27E82E8C1BFFCCC200C879AF /* BracketCalculator.swift in Sources */,
				277ADAF61BFEF3C600E17F0E /* BracketMatch.swift in Sources */,
				27A0AEE81BFBF30B00AA57F1 /* Match+CoreDataProperties.swift in Sources */,
				27A0AED41BFBF00D00AA57F1 /* Tournament.swift in Sources */,
				277ADAF41BFECED500E17F0E /* CreateKnockoutViewController.swift in Sources */,
				27A0AEF01BFC2A2900AA57F1 /* FormValidation.swift in Sources */,
				27E82E8A1BFFA13B00C879AF /* MathHelper.swift in Sources */,
				277ADAF01BFE87E000E17F0E /* MMPickerView.m in Sources */,
				27A0AEF91BFD3A7900AA57F1 /* TournamentData.swift in Sources */,
				27A0AEA31BF814A900AA57F1 /* TournaMake.xcdatamodeld in Sources */,
				27A0AEEC1BFBF4A800AA57F1 /* CreateTournamentViewController.swift in Sources */,
				27A0AE9D1BF814A900AA57F1 /* LoginViewController.swift in Sources */,
				27A0AEE91BFBF30B00AA57F1 /* Tournament+CoreDataProperties.swift in Sources */,
				27A0AEF71BFD383400AA57F1 /* CreateGroupSlotCell.swift in Sources */,
				277ADAF21BFE942C00E17F0E /* PickerGroupButton.swift in Sources */,
				27A0AECD1BF8415500AA57F1 /* SignUpViewController.swift in Sources */,
				27A0AED81BFBF02000AA57F1 /* Entrant.swift in Sources */,
				27A0AEEA1BFBF30B00AA57F1 /* Entrant+CoreDataProperties.swift in Sources */,
				27A0AEF41BFD0AFE00AA57F1 /* CreateGroupStageViewController.swift in Sources */,
				27A0AE9B1BF814A900AA57F1 /* AppDelegate.swift in Sources */,
				27A0AEDC1BFBF02E00AA57F1 /* Match.swift in Sources */,
				27A0AECF1BF846A400AA57F1 /* MyTournamentsViewController.swift in Sources */,
				27E82E8E1BFFF82700C879AF /* GroupCalculator.swift in Sources */,
				27A0AEF21BFC429200AA57F1 /* UIHelper.swift in Sources */,
			);
			runOnlyForDeploymentPostprocessing = 0;
		};
		27A0AEAA1BF814A900AA57F1 /* Sources */ = {
			isa = PBXSourcesBuildPhase;
			buildActionMask = 2147483647;
			files = (
				27A0AEB31BF814A900AA57F1 /* TournaMakeTests.swift in Sources */,
			);
			runOnlyForDeploymentPostprocessing = 0;
		};
		27A0AEB51BF814A900AA57F1 /* Sources */ = {
			isa = PBXSourcesBuildPhase;
			buildActionMask = 2147483647;
			files = (
				27A0AEBE1BF814A900AA57F1 /* TournaMakeUITests.swift in Sources */,
			);
			runOnlyForDeploymentPostprocessing = 0;
		};
/* End PBXSourcesBuildPhase section */

/* Begin PBXTargetDependency section */
		27A0AEB01BF814A900AA57F1 /* PBXTargetDependency */ = {
			isa = PBXTargetDependency;
			target = 27A0AE961BF814A900AA57F1 /* TournaMake */;
			targetProxy = 27A0AEAF1BF814A900AA57F1 /* PBXContainerItemProxy */;
		};
		27A0AEBB1BF814A900AA57F1 /* PBXTargetDependency */ = {
			isa = PBXTargetDependency;
			target = 27A0AE961BF814A900AA57F1 /* TournaMake */;
			targetProxy = 27A0AEBA1BF814A900AA57F1 /* PBXContainerItemProxy */;
		};
/* End PBXTargetDependency section */

/* Begin PBXVariantGroup section */
		27A0AE9E1BF814A900AA57F1 /* Main.storyboard */ = {
			isa = PBXVariantGroup;
			children = (
				27A0AE9F1BF814A900AA57F1 /* Base */,
			);
			name = Main.storyboard;
			sourceTree = "<group>";
		};
		27A0AEA61BF814A900AA57F1 /* LaunchScreen.storyboard */ = {
			isa = PBXVariantGroup;
			children = (
				27A0AEA71BF814A900AA57F1 /* Base */,
			);
			name = LaunchScreen.storyboard;
			sourceTree = "<group>";
		};
/* End PBXVariantGroup section */

/* Begin XCBuildConfiguration section */
		27A0AEC01BF814A900AA57F1 /* Debug */ = {
			isa = XCBuildConfiguration;
			buildSettings = {
				ALWAYS_SEARCH_USER_PATHS = NO;
				CLANG_CXX_LANGUAGE_STANDARD = "gnu++0x";
				CLANG_CXX_LIBRARY = "libc++";
				CLANG_ENABLE_MODULES = YES;
				CLANG_ENABLE_OBJC_ARC = YES;
				CLANG_WARN_BOOL_CONVERSION = YES;
				CLANG_WARN_CONSTANT_CONVERSION = YES;
				CLANG_WARN_DIRECT_OBJC_ISA_USAGE = YES_ERROR;
				CLANG_WARN_EMPTY_BODY = YES;
				CLANG_WARN_ENUM_CONVERSION = YES;
				CLANG_WARN_INT_CONVERSION = YES;
				CLANG_WARN_OBJC_ROOT_CLASS = YES_ERROR;
				CLANG_WARN_UNREACHABLE_CODE = YES;
				CLANG_WARN__DUPLICATE_METHOD_MATCH = YES;
				"CODE_SIGN_IDENTITY[sdk=iphoneos*]" = "iPhone Developer";
				COPY_PHASE_STRIP = NO;
				DEBUG_INFORMATION_FORMAT = dwarf;
				ENABLE_STRICT_OBJC_MSGSEND = YES;
				ENABLE_TESTABILITY = YES;
				GCC_C_LANGUAGE_STANDARD = gnu99;
				GCC_DYNAMIC_NO_PIC = NO;
				GCC_NO_COMMON_BLOCKS = YES;
				GCC_OPTIMIZATION_LEVEL = 0;
				GCC_PREPROCESSOR_DEFINITIONS = (
					"DEBUG=1",
					"$(inherited)",
				);
				GCC_WARN_64_TO_32_BIT_CONVERSION = YES;
				GCC_WARN_ABOUT_RETURN_TYPE = YES_ERROR;
				GCC_WARN_UNDECLARED_SELECTOR = YES;
				GCC_WARN_UNINITIALIZED_AUTOS = YES_AGGRESSIVE;
				GCC_WARN_UNUSED_FUNCTION = YES;
				GCC_WARN_UNUSED_VARIABLE = YES;
				IPHONEOS_DEPLOYMENT_TARGET = 9.1;
				MTL_ENABLE_DEBUG_INFO = YES;
				ONLY_ACTIVE_ARCH = YES;
				SDKROOT = iphoneos;
				SWIFT_OPTIMIZATION_LEVEL = "-Onone";
				TARGETED_DEVICE_FAMILY = "1,2";
			};
			name = Debug;
		};
		27A0AEC11BF814A900AA57F1 /* Release */ = {
			isa = XCBuildConfiguration;
			buildSettings = {
				ALWAYS_SEARCH_USER_PATHS = NO;
				CLANG_CXX_LANGUAGE_STANDARD = "gnu++0x";
				CLANG_CXX_LIBRARY = "libc++";
				CLANG_ENABLE_MODULES = YES;
				CLANG_ENABLE_OBJC_ARC = YES;
				CLANG_WARN_BOOL_CONVERSION = YES;
				CLANG_WARN_CONSTANT_CONVERSION = YES;
				CLANG_WARN_DIRECT_OBJC_ISA_USAGE = YES_ERROR;
				CLANG_WARN_EMPTY_BODY = YES;
				CLANG_WARN_ENUM_CONVERSION = YES;
				CLANG_WARN_INT_CONVERSION = YES;
				CLANG_WARN_OBJC_ROOT_CLASS = YES_ERROR;
				CLANG_WARN_UNREACHABLE_CODE = YES;
				CLANG_WARN__DUPLICATE_METHOD_MATCH = YES;
				"CODE_SIGN_IDENTITY[sdk=iphoneos*]" = "iPhone Developer";
				COPY_PHASE_STRIP = NO;
				DEBUG_INFORMATION_FORMAT = "dwarf-with-dsym";
				ENABLE_NS_ASSERTIONS = NO;
				ENABLE_STRICT_OBJC_MSGSEND = YES;
				GCC_C_LANGUAGE_STANDARD = gnu99;
				GCC_NO_COMMON_BLOCKS = YES;
				GCC_WARN_64_TO_32_BIT_CONVERSION = YES;
				GCC_WARN_ABOUT_RETURN_TYPE = YES_ERROR;
				GCC_WARN_UNDECLARED_SELECTOR = YES;
				GCC_WARN_UNINITIALIZED_AUTOS = YES_AGGRESSIVE;
				GCC_WARN_UNUSED_FUNCTION = YES;
				GCC_WARN_UNUSED_VARIABLE = YES;
				IPHONEOS_DEPLOYMENT_TARGET = 9.1;
				MTL_ENABLE_DEBUG_INFO = NO;
				SDKROOT = iphoneos;
				TARGETED_DEVICE_FAMILY = "1,2";
				VALIDATE_PRODUCT = YES;
			};
			name = Release;
		};
		27A0AEC31BF814A900AA57F1 /* Debug */ = {
			isa = XCBuildConfiguration;
			buildSettings = {
				ASSETCATALOG_COMPILER_APPICON_NAME = AppIcon;
				CLANG_ENABLE_MODULES = YES;
				INFOPLIST_FILE = TournaMake/Info.plist;
				LD_RUNPATH_SEARCH_PATHS = "$(inherited) @executable_path/Frameworks";
				PRODUCT_BUNDLE_IDENTIFIER = com.danhoang.TournaMake;
				PRODUCT_NAME = "$(TARGET_NAME)";
				SWIFT_OBJC_BRIDGING_HEADER = "TournaMake/TournaMake-Bridging-Header.h";
				SWIFT_OPTIMIZATION_LEVEL = "-Onone";
			};
			name = Debug;
		};
		27A0AEC41BF814A900AA57F1 /* Release */ = {
			isa = XCBuildConfiguration;
			buildSettings = {
				ASSETCATALOG_COMPILER_APPICON_NAME = AppIcon;
				CLANG_ENABLE_MODULES = YES;
				INFOPLIST_FILE = TournaMake/Info.plist;
				LD_RUNPATH_SEARCH_PATHS = "$(inherited) @executable_path/Frameworks";
				PRODUCT_BUNDLE_IDENTIFIER = com.danhoang.TournaMake;
				PRODUCT_NAME = "$(TARGET_NAME)";
				SWIFT_OBJC_BRIDGING_HEADER = "TournaMake/TournaMake-Bridging-Header.h";
			};
			name = Release;
		};
		27A0AEC61BF814A900AA57F1 /* Debug */ = {
			isa = XCBuildConfiguration;
			buildSettings = {
				BUNDLE_LOADER = "$(TEST_HOST)";
				INFOPLIST_FILE = TournaMakeTests/Info.plist;
				LD_RUNPATH_SEARCH_PATHS = "$(inherited) @executable_path/Frameworks @loader_path/Frameworks";
				PRODUCT_BUNDLE_IDENTIFIER = com.danhoang.TournaMakeTests;
				PRODUCT_NAME = "$(TARGET_NAME)";
				TEST_HOST = "$(BUILT_PRODUCTS_DIR)/TournaMake.app/TournaMake";
			};
			name = Debug;
		};
		27A0AEC71BF814A900AA57F1 /* Release */ = {
			isa = XCBuildConfiguration;
			buildSettings = {
				BUNDLE_LOADER = "$(TEST_HOST)";
				INFOPLIST_FILE = TournaMakeTests/Info.plist;
				LD_RUNPATH_SEARCH_PATHS = "$(inherited) @executable_path/Frameworks @loader_path/Frameworks";
				PRODUCT_BUNDLE_IDENTIFIER = com.danhoang.TournaMakeTests;
				PRODUCT_NAME = "$(TARGET_NAME)";
				TEST_HOST = "$(BUILT_PRODUCTS_DIR)/TournaMake.app/TournaMake";
			};
			name = Release;
		};
		27A0AEC91BF814A900AA57F1 /* Debug */ = {
			isa = XCBuildConfiguration;
			buildSettings = {
				INFOPLIST_FILE = TournaMakeUITests/Info.plist;
				LD_RUNPATH_SEARCH_PATHS = "$(inherited) @executable_path/Frameworks @loader_path/Frameworks";
				PRODUCT_BUNDLE_IDENTIFIER = com.danhoang.TournaMakeUITests;
				PRODUCT_NAME = "$(TARGET_NAME)";
				TEST_TARGET_NAME = TournaMake;
				USES_XCTRUNNER = YES;
			};
			name = Debug;
		};
		27A0AECA1BF814A900AA57F1 /* Release */ = {
			isa = XCBuildConfiguration;
			buildSettings = {
				INFOPLIST_FILE = TournaMakeUITests/Info.plist;
				LD_RUNPATH_SEARCH_PATHS = "$(inherited) @executable_path/Frameworks @loader_path/Frameworks";
				PRODUCT_BUNDLE_IDENTIFIER = com.danhoang.TournaMakeUITests;
				PRODUCT_NAME = "$(TARGET_NAME)";
				TEST_TARGET_NAME = TournaMake;
				USES_XCTRUNNER = YES;
			};
			name = Release;
		};
/* End XCBuildConfiguration section */

/* Begin XCConfigurationList section */
		27A0AE921BF814A900AA57F1 /* Build configuration list for PBXProject "TournaMake" */ = {
			isa = XCConfigurationList;
			buildConfigurations = (
				27A0AEC01BF814A900AA57F1 /* Debug */,
				27A0AEC11BF814A900AA57F1 /* Release */,
			);
			defaultConfigurationIsVisible = 0;
			defaultConfigurationName = Release;
		};
		27A0AEC21BF814A900AA57F1 /* Build configuration list for PBXNativeTarget "TournaMake" */ = {
			isa = XCConfigurationList;
			buildConfigurations = (
				27A0AEC31BF814A900AA57F1 /* Debug */,
				27A0AEC41BF814A900AA57F1 /* Release */,
			);
			defaultConfigurationIsVisible = 0;
			defaultConfigurationName = Release;
		};
		27A0AEC51BF814A900AA57F1 /* Build configuration list for PBXNativeTarget "TournaMakeTests" */ = {
			isa = XCConfigurationList;
			buildConfigurations = (
				27A0AEC61BF814A900AA57F1 /* Debug */,
				27A0AEC71BF814A900AA57F1 /* Release */,
			);
			defaultConfigurationIsVisible = 0;
			defaultConfigurationName = Release;
		};
		27A0AEC81BF814A900AA57F1 /* Build configuration list for PBXNativeTarget "TournaMakeUITests" */ = {
			isa = XCConfigurationList;
			buildConfigurations = (
				27A0AEC91BF814A900AA57F1 /* Debug */,
				27A0AECA1BF814A900AA57F1 /* Release */,
			);
			defaultConfigurationIsVisible = 0;
			defaultConfigurationName = Release;
		};
/* End XCConfigurationList section */

/* Begin XCVersionGroup section */
		27A0AEA11BF814A900AA57F1 /* TournaMake.xcdatamodeld */ = {
			isa = XCVersionGroup;
			children = (
				27A0AEA21BF814A900AA57F1 /* TournaMake.xcdatamodel */,
			);
			currentVersion = 27A0AEA21BF814A900AA57F1 /* TournaMake.xcdatamodel */;
			path = TournaMake.xcdatamodeld;
			sourceTree = "<group>";
			versionGroupType = wrapper.xcdatamodel;
		};
/* End XCVersionGroup section */
	};
	rootObject = 27A0AE8F1BF814A900AA57F1 /* Project object */;
}
