// !$*UTF8*$!
{
	archiveVersion = 1;
	classes = {
	};
	objectVersion = 46;
	objects = {

/* Begin PBXBuildFile section */
		272E9E571C0FDC200043E433 /* GroupStandingsViewController.swift in Sources */ = {isa = PBXBuildFile; fileRef = 272E9E561C0FDC200043E433 /* GroupStandingsViewController.swift */; };
		272E9E591C100BFD0043E433 /* StandingsCalculator.swift in Sources */ = {isa = PBXBuildFile; fileRef = 272E9E581C100BFD0043E433 /* StandingsCalculator.swift */; };
		272E9E5B1C100E1E0043E433 /* EntrantRecord.swift in Sources */ = {isa = PBXBuildFile; fileRef = 272E9E5A1C100E1E0043E433 /* EntrantRecord.swift */; };
		2755FD4F1C3B338B00FFF82F /* TournamentNavigationController.swift in Sources */ = {isa = PBXBuildFile; fileRef = 2755FD4E1C3B338B00FFF82F /* TournamentNavigationController.swift */; };
		2755FD521C3DD38400FFF82F /* Tournament+CoreDataProperties.swift in Sources */ = {isa = PBXBuildFile; fileRef = 2755FD501C3DD38400FFF82F /* Tournament+CoreDataProperties.swift */; };
		2755FD531C3DD38400FFF82F /* Bracket+CoreDataProperties.swift in Sources */ = {isa = PBXBuildFile; fileRef = 2755FD511C3DD38400FFF82F /* Bracket+CoreDataProperties.swift */; };
		277ADAF01BFE87E000E17F0E /* MMPickerView.m in Sources */ = {isa = PBXBuildFile; fileRef = 277ADAEF1BFE87E000E17F0E /* MMPickerView.m */; };
		277ADAF21BFE942C00E17F0E /* PickerGroupButton.swift in Sources */ = {isa = PBXBuildFile; fileRef = 277ADAF11BFE942C00E17F0E /* PickerGroupButton.swift */; };
		277ADAF41BFECED500E17F0E /* CreateKnockoutViewController.swift in Sources */ = {isa = PBXBuildFile; fileRef = 277ADAF31BFECED500E17F0E /* CreateKnockoutViewController.swift */; };
		277ADAF61BFEF3C600E17F0E /* BracketMatch.swift in Sources */ = {isa = PBXBuildFile; fileRef = 277ADAF51BFEF3C600E17F0E /* BracketMatch.swift */; };
		27A0AE9B1BF814A900AA57F1 /* AppDelegate.swift in Sources */ = {isa = PBXBuildFile; fileRef = 27A0AE9A1BF814A900AA57F1 /* AppDelegate.swift */; };
		27A0AE9D1BF814A900AA57F1 /* LoginViewController.swift in Sources */ = {isa = PBXBuildFile; fileRef = 27A0AE9C1BF814A900AA57F1 /* LoginViewController.swift */; };
		27A0AEA01BF814A900AA57F1 /* Main.storyboard in Resources */ = {isa = PBXBuildFile; fileRef = 27A0AE9E1BF814A900AA57F1 /* Main.storyboard */; };
		27A0AEA31BF814A900AA57F1 /* TournaMake.xcdatamodeld in Sources */ = {isa = PBXBuildFile; fileRef = 27A0AEA11BF814A900AA57F1 /* TournaMake.xcdatamodeld */; };
		27A0AEA51BF814A900AA57F1 /* Assets.xcassets in Resources */ = {isa = PBXBuildFile; fileRef = 27A0AEA41BF814A900AA57F1 /* Assets.xcassets */; };
		27A0AEA81BF814A900AA57F1 /* LaunchScreen.storyboard in Resources */ = {isa = PBXBuildFile; fileRef = 27A0AEA61BF814A900AA57F1 /* LaunchScreen.storyboard */; };
		27A0AEB31BF814A900AA57F1 /* TournaMakeTests.swift in Sources */ = {isa = PBXBuildFile; fileRef = 27A0AEB21BF814A900AA57F1 /* TournaMakeTests.swift */; };
		27A0AEBE1BF814A900AA57F1 /* TournaMakeUITests.swift in Sources */ = {isa = PBXBuildFile; fileRef = 27A0AEBD1BF814A900AA57F1 /* TournaMakeUITests.swift */; };
		27A0AECD1BF8415500AA57F1 /* SignUpViewController.swift in Sources */ = {isa = PBXBuildFile; fileRef = 27A0AECC1BF8415500AA57F1 /* SignUpViewController.swift */; };
		27A0AECF1BF846A400AA57F1 /* MyTournamentsViewController.swift in Sources */ = {isa = PBXBuildFile; fileRef = 27A0AECE1BF846A400AA57F1 /* MyTournamentsViewController.swift */; };
		27A0AED41BFBF00D00AA57F1 /* Tournament.swift in Sources */ = {isa = PBXBuildFile; fileRef = 27A0AED21BFBF00D00AA57F1 /* Tournament.swift */; };
		27A0AED81BFBF02000AA57F1 /* Entrant.swift in Sources */ = {isa = PBXBuildFile; fileRef = 27A0AED61BFBF02000AA57F1 /* Entrant.swift */; };
		27A0AEDC1BFBF02E00AA57F1 /* Match.swift in Sources */ = {isa = PBXBuildFile; fileRef = 27A0AEDA1BFBF02E00AA57F1 /* Match.swift */; };
		27A0AEEC1BFBF4A800AA57F1 /* CreateTournamentViewController.swift in Sources */ = {isa = PBXBuildFile; fileRef = 27A0AEEB1BFBF4A800AA57F1 /* CreateTournamentViewController.swift */; };
		27A0AEF01BFC2A2900AA57F1 /* AlgorithmUtil.swift in Sources */ = {isa = PBXBuildFile; fileRef = 27A0AEEF1BFC2A2900AA57F1 /* AlgorithmUtil.swift */; };
		27A0AEF21BFC429200AA57F1 /* UIHelper.swift in Sources */ = {isa = PBXBuildFile; fileRef = 27A0AEF11BFC429200AA57F1 /* UIHelper.swift */; };
		27A0AEF41BFD0AFE00AA57F1 /* CreateGroupStageViewController.swift in Sources */ = {isa = PBXBuildFile; fileRef = 27A0AEF31BFD0AFE00AA57F1 /* CreateGroupStageViewController.swift */; };
		27A0AEF71BFD383400AA57F1 /* CreateGroupSlotCell.swift in Sources */ = {isa = PBXBuildFile; fileRef = 27A0AEF61BFD383400AA57F1 /* CreateGroupSlotCell.swift */; };
		27A0AEF91BFD3A7900AA57F1 /* TournamentData.swift in Sources */ = {isa = PBXBuildFile; fileRef = 27A0AEF81BFD3A7900AA57F1 /* TournamentData.swift */; };
		27B4F7001C178E1300019D3B /* BracketViewController.swift in Sources */ = {isa = PBXBuildFile; fileRef = 27B4F6FF1C178E1300019D3B /* BracketViewController.swift */; };
		27B4F7031C17A58E00019D3B /* Match+CoreDataProperties.swift in Sources */ = {isa = PBXBuildFile; fileRef = 27B4F7011C17A58E00019D3B /* Match+CoreDataProperties.swift */; };
		27B6763D1C2C9948003FDC36 /* MDSpreadView.m in Sources */ = {isa = PBXBuildFile; fileRef = 27B6762F1C2C9948003FDC36 /* MDSpreadView.m */; };
		27B6763E1C2C9948003FDC36 /* MDSpreadViewCell.m in Sources */ = {isa = PBXBuildFile; fileRef = 27B676311C2C9948003FDC36 /* MDSpreadViewCell.m */; };
		27B6763F1C2C9948003FDC36 /* MDSpreadViewCellBackground.m in Sources */ = {isa = PBXBuildFile; fileRef = 27B676331C2C9948003FDC36 /* MDSpreadViewCellBackground.m */; };
		27B676401C2C9948003FDC36 /* MDSpreadViewCellColumnHeaderBackground.m in Sources */ = {isa = PBXBuildFile; fileRef = 27B676351C2C9948003FDC36 /* MDSpreadViewCellColumnHeaderBackground.m */; };
		27B676411C2C9948003FDC36 /* MDSpreadViewCellCornerHeaderBackground.m in Sources */ = {isa = PBXBuildFile; fileRef = 27B676371C2C9948003FDC36 /* MDSpreadViewCellCornerHeaderBackground.m */; };
		27B676421C2C9948003FDC36 /* MDSpreadViewCellRowHeaderBackground.m in Sources */ = {isa = PBXBuildFile; fileRef = 27B676391C2C9948003FDC36 /* MDSpreadViewCellRowHeaderBackground.m */; };
		27B676431C2C9948003FDC36 /* MDSpreadViewHeaderCell.m in Sources */ = {isa = PBXBuildFile; fileRef = 27B6763C1C2C9948003FDC36 /* MDSpreadViewHeaderCell.m */; };
		27B676451C3370DF003FDC36 /* TournamentCell.swift in Sources */ = {isa = PBXBuildFile; fileRef = 27B676441C3370DF003FDC36 /* TournamentCell.swift */; };
		27B6764C1C379314003FDC36 /* dropDownSelectBox.png in Resources */ = {isa = PBXBuildFile; fileRef = 27B6764B1C379314003FDC36 /* dropDownSelectBox.png */; };
		27BCFFB91C90B41600B6135C /* Secrets.plist in Resources */ = {isa = PBXBuildFile; fileRef = 27BCFFB81C90B41500B6135C /* Secrets.plist */; };
		27E82E8A1BFFA13B00C879AF /* MathHelper.swift in Sources */ = {isa = PBXBuildFile; fileRef = 27E82E891BFFA13B00C879AF /* MathHelper.swift */; };
		27E82E8C1BFFCCC200C879AF /* BracketCalculator.swift in Sources */ = {isa = PBXBuildFile; fileRef = 27E82E8B1BFFCCC200C879AF /* BracketCalculator.swift */; };
		27E82E8E1BFFF82700C879AF /* GroupCalculator.swift in Sources */ = {isa = PBXBuildFile; fileRef = 27E82E8D1BFFF82700C879AF /* GroupCalculator.swift */; };
		27E82E921C03D5BC00C879AF /* PickerBracketButton.swift in Sources */ = {isa = PBXBuildFile; fileRef = 27E82E911C03D5BC00C879AF /* PickerBracketButton.swift */; };
		27E82E941C03EA4000C879AF /* GlobalConstants.swift in Sources */ = {isa = PBXBuildFile; fileRef = 27E82E931C03EA4000C879AF /* GlobalConstants.swift */; };
		27E82E961C051A5A00C879AF /* CoreDataUtil.swift in Sources */ = {isa = PBXBuildFile; fileRef = 27E82E951C051A5A00C879AF /* CoreDataUtil.swift */; };
		27E82EA11C0E6FF700C879AF /* Group.swift in Sources */ = {isa = PBXBuildFile; fileRef = 27E82E9C1C0E6FF700C879AF /* Group.swift */; };
		27E82EAF1C0EC72D00C879AF /* BracketSlot.swift in Sources */ = {isa = PBXBuildFile; fileRef = 27E82EAA1C0EC72D00C879AF /* BracketSlot.swift */; };
		27E82EB41C0EC91F00C879AF /* Bracket.swift in Sources */ = {isa = PBXBuildFile; fileRef = 27E82EB31C0EC91F00C879AF /* Bracket.swift */; };
		27E82EB81C0F7C9900C879AF /* TournamentTabBarController.swift in Sources */ = {isa = PBXBuildFile; fileRef = 27E82EB71C0F7C9900C879AF /* TournamentTabBarController.swift */; };
		27E82EBA1C0F830400C879AF /* GroupStageViewController.swift in Sources */ = {isa = PBXBuildFile; fileRef = 27E82EB91C0F830400C879AF /* GroupStageViewController.swift */; };
		27E82EC41C0FAD2C00C879AF /* Group+CoreDataProperties.swift in Sources */ = {isa = PBXBuildFile; fileRef = 27E82EBE1C0FAD2C00C879AF /* Group+CoreDataProperties.swift */; };
		27E82EC51C0FAD2C00C879AF /* BracketSlot+CoreDataProperties.swift in Sources */ = {isa = PBXBuildFile; fileRef = 27E82EBF1C0FAD2C00C879AF /* BracketSlot+CoreDataProperties.swift */; };
		27E82EC61C0FAD2C00C879AF /* Entrant+CoreDataProperties.swift in Sources */ = {isa = PBXBuildFile; fileRef = 27E82EC01C0FAD2C00C879AF /* Entrant+CoreDataProperties.swift */; };
		D4DBC17C9AC109A93517C432 /* libPods-TournaMake.a in Frameworks */ = {isa = PBXBuildFile; fileRef = 3DD00475E5B69E4725D05E95 /* libPods-TournaMake.a */; };
/* End PBXBuildFile section */

/* Begin PBXContainerItemProxy section */
		27A0AEAF1BF814A900AA57F1 /* PBXContainerItemProxy */ = {
			isa = PBXContainerItemProxy;
			containerPortal = 27A0AE8F1BF814A900AA57F1 /* Project object */;
			proxyType = 1;
			remoteGlobalIDString = 27A0AE961BF814A900AA57F1;
			remoteInfo = TournaMake;
		};
		27A0AEBA1BF814A900AA57F1 /* PBXContainerItemProxy */ = {
			isa = PBXContainerItemProxy;
			containerPortal = 27A0AE8F1BF814A900AA57F1 /* Project object */;
			proxyType = 1;
			remoteGlobalIDString = 27A0AE961BF814A900AA57F1;
			remoteInfo = TournaMake;
		};
/* End PBXContainerItemProxy section */

/* Begin PBXFileReference section */
		27212F0B93DD983C010933D0 /* Pods-TournaMake.debug.xcconfig */ = {isa = PBXFileReference; includeInIndex = 1; lastKnownFileType = text.xcconfig; name = "Pods-TournaMake.debug.xcconfig"; path = "Pods/Target Support Files/Pods-TournaMake/Pods-TournaMake.debug.xcconfig"; sourceTree = "<group>"; };
		272E9E561C0FDC200043E433 /* GroupStandingsViewController.swift */ = {isa = PBXFileReference; fileEncoding = 4; lastKnownFileType = sourcecode.swift; path = GroupStandingsViewController.swift; sourceTree = "<group>"; };
		272E9E581C100BFD0043E433 /* StandingsCalculator.swift */ = {isa = PBXFileReference; fileEncoding = 4; lastKnownFileType = sourcecode.swift; path = StandingsCalculator.swift; sourceTree = "<group>"; };
		272E9E5A1C100E1E0043E433 /* EntrantRecord.swift */ = {isa = PBXFileReference; fileEncoding = 4; lastKnownFileType = sourcecode.swift; path = EntrantRecord.swift; sourceTree = "<group>"; };
		2755FD4E1C3B338B00FFF82F /* TournamentNavigationController.swift */ = {isa = PBXFileReference; fileEncoding = 4; lastKnownFileType = sourcecode.swift; path = TournamentNavigationController.swift; sourceTree = "<group>"; };
		2755FD501C3DD38400FFF82F /* Tournament+CoreDataProperties.swift */ = {isa = PBXFileReference; fileEncoding = 4; lastKnownFileType = sourcecode.swift; path = "Tournament+CoreDataProperties.swift"; sourceTree = "<group>"; };
		2755FD511C3DD38400FFF82F /* Bracket+CoreDataProperties.swift */ = {isa = PBXFileReference; fileEncoding = 4; lastKnownFileType = sourcecode.swift; path = "Bracket+CoreDataProperties.swift"; sourceTree = "<group>"; };
		277ADAED1BFE87DF00E17F0E /* TournaMake-Bridging-Header.h */ = {isa = PBXFileReference; lastKnownFileType = sourcecode.c.h; path = "TournaMake-Bridging-Header.h"; sourceTree = "<group>"; };
		277ADAEE1BFE87E000E17F0E /* MMPickerView.h */ = {isa = PBXFileReference; fileEncoding = 4; lastKnownFileType = sourcecode.c.h; path = MMPickerView.h; sourceTree = "<group>"; };
		277ADAEF1BFE87E000E17F0E /* MMPickerView.m */ = {isa = PBXFileReference; fileEncoding = 4; lastKnownFileType = sourcecode.c.objc; path = MMPickerView.m; sourceTree = "<group>"; };
		277ADAF11BFE942C00E17F0E /* PickerGroupButton.swift */ = {isa = PBXFileReference; fileEncoding = 4; lastKnownFileType = sourcecode.swift; path = PickerGroupButton.swift; sourceTree = "<group>"; };
		277ADAF31BFECED500E17F0E /* CreateKnockoutViewController.swift */ = {isa = PBXFileReference; fileEncoding = 4; lastKnownFileType = sourcecode.swift; path = CreateKnockoutViewController.swift; sourceTree = "<group>"; };
		277ADAF51BFEF3C600E17F0E /* BracketMatch.swift */ = {isa = PBXFileReference; fileEncoding = 4; lastKnownFileType = sourcecode.swift; path = BracketMatch.swift; sourceTree = "<group>"; };
		27A0AE971BF814A900AA57F1 /* TournaMake.app */ = {isa = PBXFileReference; explicitFileType = wrapper.application; includeInIndex = 0; path = TournaMake.app; sourceTree = BUILT_PRODUCTS_DIR; };
		27A0AE9A1BF814A900AA57F1 /* AppDelegate.swift */ = {isa = PBXFileReference; lastKnownFileType = sourcecode.swift; path = AppDelegate.swift; sourceTree = "<group>"; };
		27A0AE9C1BF814A900AA57F1 /* LoginViewController.swift */ = {isa = PBXFileReference; lastKnownFileType = sourcecode.swift; path = LoginViewController.swift; sourceTree = "<group>"; };
		27A0AE9F1BF814A900AA57F1 /* Base */ = {isa = PBXFileReference; lastKnownFileType = file.storyboard; name = Base; path = Base.lproj/Main.storyboard; sourceTree = "<group>"; };
		27A0AEA21BF814A900AA57F1 /* TournaMake.xcdatamodel */ = {isa = PBXFileReference; lastKnownFileType = wrapper.xcdatamodel; path = TournaMake.xcdatamodel; sourceTree = "<group>"; };
		27A0AEA41BF814A900AA57F1 /* Assets.xcassets */ = {isa = PBXFileReference; lastKnownFileType = folder.assetcatalog; path = Assets.xcassets; sourceTree = "<group>"; };
		27A0AEA71BF814A900AA57F1 /* Base */ = {isa = PBXFileReference; lastKnownFileType = file.storyboard; name = Base; path = Base.lproj/LaunchScreen.storyboard; sourceTree = "<group>"; };
		27A0AEA91BF814A900AA57F1 /* Info.plist */ = {isa = PBXFileReference; lastKnownFileType = text.plist.xml; path = Info.plist; sourceTree = "<group>"; };
		27A0AEAE1BF814A900AA57F1 /* TournaMakeTests.xctest */ = {isa = PBXFileReference; explicitFileType = wrapper.cfbundle; includeInIndex = 0; path = TournaMakeTests.xctest; sourceTree = BUILT_PRODUCTS_DIR; };
		27A0AEB21BF814A900AA57F1 /* TournaMakeTests.swift */ = {isa = PBXFileReference; lastKnownFileType = sourcecode.swift; path = TournaMakeTests.swift; sourceTree = "<group>"; };
		27A0AEB41BF814A900AA57F1 /* Info.plist */ = {isa = PBXFileReference; lastKnownFileType = text.plist.xml; path = Info.plist; sourceTree = "<group>"; };
		27A0AEB91BF814A900AA57F1 /* TournaMakeUITests.xctest */ = {isa = PBXFileReference; explicitFileType = wrapper.cfbundle; includeInIndex = 0; path = TournaMakeUITests.xctest; sourceTree = BUILT_PRODUCTS_DIR; };
		27A0AEBD1BF814A900AA57F1 /* TournaMakeUITests.swift */ = {isa = PBXFileReference; lastKnownFileType = sourcecode.swift; path = TournaMakeUITests.swift; sourceTree = "<group>"; };
		27A0AEBF1BF814A900AA57F1 /* Info.plist */ = {isa = PBXFileReference; lastKnownFileType = text.plist.xml; path = Info.plist; sourceTree = "<group>"; };
		27A0AECC1BF8415500AA57F1 /* SignUpViewController.swift */ = {isa = PBXFileReference; fileEncoding = 4; lastKnownFileType = sourcecode.swift; path = SignUpViewController.swift; sourceTree = "<group>"; };
		27A0AECE1BF846A400AA57F1 /* MyTournamentsViewController.swift */ = {isa = PBXFileReference; fileEncoding = 4; lastKnownFileType = sourcecode.swift; path = MyTournamentsViewController.swift; sourceTree = "<group>"; };
		27A0AED21BFBF00D00AA57F1 /* Tournament.swift */ = {isa = PBXFileReference; fileEncoding = 4; lastKnownFileType = sourcecode.swift; path = Tournament.swift; sourceTree = "<group>"; };
		27A0AED61BFBF02000AA57F1 /* Entrant.swift */ = {isa = PBXFileReference; fileEncoding = 4; lastKnownFileType = sourcecode.swift; path = Entrant.swift; sourceTree = "<group>"; };
		27A0AEDA1BFBF02E00AA57F1 /* Match.swift */ = {isa = PBXFileReference; fileEncoding = 4; lastKnownFileType = sourcecode.swift; path = Match.swift; sourceTree = "<group>"; };
		27A0AEEB1BFBF4A800AA57F1 /* CreateTournamentViewController.swift */ = {isa = PBXFileReference; fileEncoding = 4; lastKnownFileType = sourcecode.swift; path = CreateTournamentViewController.swift; sourceTree = "<group>"; };
		27A0AEEF1BFC2A2900AA57F1 /* AlgorithmUtil.swift */ = {isa = PBXFileReference; fileEncoding = 4; lastKnownFileType = sourcecode.swift; path = AlgorithmUtil.swift; sourceTree = "<group>"; };
		27A0AEF11BFC429200AA57F1 /* UIHelper.swift */ = {isa = PBXFileReference; fileEncoding = 4; lastKnownFileType = sourcecode.swift; path = UIHelper.swift; sourceTree = "<group>"; };
		27A0AEF31BFD0AFE00AA57F1 /* CreateGroupStageViewController.swift */ = {isa = PBXFileReference; fileEncoding = 4; lastKnownFileType = sourcecode.swift; path = CreateGroupStageViewController.swift; sourceTree = "<group>"; };
		27A0AEF61BFD383400AA57F1 /* CreateGroupSlotCell.swift */ = {isa = PBXFileReference; fileEncoding = 4; lastKnownFileType = sourcecode.swift; path = CreateGroupSlotCell.swift; sourceTree = "<group>"; };
		27A0AEF81BFD3A7900AA57F1 /* TournamentData.swift */ = {isa = PBXFileReference; fileEncoding = 4; lastKnownFileType = sourcecode.swift; path = TournamentData.swift; sourceTree = "<group>"; };
		27B4F6FF1C178E1300019D3B /* BracketViewController.swift */ = {isa = PBXFileReference; fileEncoding = 4; lastKnownFileType = sourcecode.swift; path = BracketViewController.swift; sourceTree = "<group>"; };
		27B4F7011C17A58E00019D3B /* Match+CoreDataProperties.swift */ = {isa = PBXFileReference; fileEncoding = 4; lastKnownFileType = sourcecode.swift; path = "Match+CoreDataProperties.swift"; sourceTree = "<group>"; };
		27B6762E1C2C9948003FDC36 /* MDSpreadView.h */ = {isa = PBXFileReference; fileEncoding = 4; lastKnownFileType = sourcecode.c.h; path = MDSpreadView.h; sourceTree = "<group>"; };
		27B6762F1C2C9948003FDC36 /* MDSpreadView.m */ = {isa = PBXFileReference; fileEncoding = 4; lastKnownFileType = sourcecode.c.objc; path = MDSpreadView.m; sourceTree = "<group>"; };
		27B676301C2C9948003FDC36 /* MDSpreadViewCell.h */ = {isa = PBXFileReference; fileEncoding = 4; lastKnownFileType = sourcecode.c.h; path = MDSpreadViewCell.h; sourceTree = "<group>"; };
		27B676311C2C9948003FDC36 /* MDSpreadViewCell.m */ = {isa = PBXFileReference; fileEncoding = 4; lastKnownFileType = sourcecode.c.objc; path = MDSpreadViewCell.m; sourceTree = "<group>"; };
		27B676321C2C9948003FDC36 /* MDSpreadViewCellBackground.h */ = {isa = PBXFileReference; fileEncoding = 4; lastKnownFileType = sourcecode.c.h; path = MDSpreadViewCellBackground.h; sourceTree = "<group>"; };
		27B676331C2C9948003FDC36 /* MDSpreadViewCellBackground.m */ = {isa = PBXFileReference; fileEncoding = 4; lastKnownFileType = sourcecode.c.objc; path = MDSpreadViewCellBackground.m; sourceTree = "<group>"; };
		27B676341C2C9948003FDC36 /* MDSpreadViewCellColumnHeaderBackground.h */ = {isa = PBXFileReference; fileEncoding = 4; lastKnownFileType = sourcecode.c.h; path = MDSpreadViewCellColumnHeaderBackground.h; sourceTree = "<group>"; };
		27B676351C2C9948003FDC36 /* MDSpreadViewCellColumnHeaderBackground.m */ = {isa = PBXFileReference; fileEncoding = 4; lastKnownFileType = sourcecode.c.objc; path = MDSpreadViewCellColumnHeaderBackground.m; sourceTree = "<group>"; };
		27B676361C2C9948003FDC36 /* MDSpreadViewCellCornerHeaderBackground.h */ = {isa = PBXFileReference; fileEncoding = 4; lastKnownFileType = sourcecode.c.h; path = MDSpreadViewCellCornerHeaderBackground.h; sourceTree = "<group>"; };
		27B676371C2C9948003FDC36 /* MDSpreadViewCellCornerHeaderBackground.m */ = {isa = PBXFileReference; fileEncoding = 4; lastKnownFileType = sourcecode.c.objc; path = MDSpreadViewCellCornerHeaderBackground.m; sourceTree = "<group>"; };
		27B676381C2C9948003FDC36 /* MDSpreadViewCellRowHeaderBackground.h */ = {isa = PBXFileReference; fileEncoding = 4; lastKnownFileType = sourcecode.c.h; path = MDSpreadViewCellRowHeaderBackground.h; sourceTree = "<group>"; };
		27B676391C2C9948003FDC36 /* MDSpreadViewCellRowHeaderBackground.m */ = {isa = PBXFileReference; fileEncoding = 4; lastKnownFileType = sourcecode.c.objc; path = MDSpreadViewCellRowHeaderBackground.m; sourceTree = "<group>"; };
		27B6763A1C2C9948003FDC36 /* MDSpreadViewClasses.h */ = {isa = PBXFileReference; fileEncoding = 4; lastKnownFileType = sourcecode.c.h; path = MDSpreadViewClasses.h; sourceTree = "<group>"; };
		27B6763B1C2C9948003FDC36 /* MDSpreadViewHeaderCell.h */ = {isa = PBXFileReference; fileEncoding = 4; lastKnownFileType = sourcecode.c.h; path = MDSpreadViewHeaderCell.h; sourceTree = "<group>"; };
		27B6763C1C2C9948003FDC36 /* MDSpreadViewHeaderCell.m */ = {isa = PBXFileReference; fileEncoding = 4; lastKnownFileType = sourcecode.c.objc; path = MDSpreadViewHeaderCell.m; sourceTree = "<group>"; };
		27B676441C3370DF003FDC36 /* TournamentCell.swift */ = {isa = PBXFileReference; fileEncoding = 4; lastKnownFileType = sourcecode.swift; path = TournamentCell.swift; sourceTree = "<group>"; };
		27B6764B1C379314003FDC36 /* dropDownSelectBox.png */ = {isa = PBXFileReference; lastKnownFileType = image.png; path = dropDownSelectBox.png; sourceTree = "<group>"; };
		27BCFFB81C90B41500B6135C /* Secrets.plist */ = {isa = PBXFileReference; fileEncoding = 4; lastKnownFileType = text.plist.xml; path = Secrets.plist; sourceTree = "<group>"; };
		27E82E891BFFA13B00C879AF /* MathHelper.swift */ = {isa = PBXFileReference; fileEncoding = 4; lastKnownFileType = sourcecode.swift; path = MathHelper.swift; sourceTree = "<group>"; };
		27E82E8B1BFFCCC200C879AF /* BracketCalculator.swift */ = {isa = PBXFileReference; fileEncoding = 4; lastKnownFileType = sourcecode.swift; path = BracketCalculator.swift; sourceTree = "<group>"; };
		27E82E8D1BFFF82700C879AF /* GroupCalculator.swift */ = {isa = PBXFileReference; fileEncoding = 4; lastKnownFileType = sourcecode.swift; path = GroupCalculator.swift; sourceTree = "<group>"; };
		27E82E911C03D5BC00C879AF /* PickerBracketButton.swift */ = {isa = PBXFileReference; fileEncoding = 4; lastKnownFileType = sourcecode.swift; path = PickerBracketButton.swift; sourceTree = "<group>"; };
		27E82E931C03EA4000C879AF /* GlobalConstants.swift */ = {isa = PBXFileReference; fileEncoding = 4; lastKnownFileType = sourcecode.swift; path = GlobalConstants.swift; sourceTree = "<group>"; };
		27E82E951C051A5A00C879AF /* CoreDataUtil.swift */ = {isa = PBXFileReference; fileEncoding = 4; lastKnownFileType = sourcecode.swift; path = CoreDataUtil.swift; sourceTree = "<group>"; };
		27E82E9C1C0E6FF700C879AF /* Group.swift */ = {isa = PBXFileReference; fileEncoding = 4; lastKnownFileType = sourcecode.swift; path = Group.swift; sourceTree = "<group>"; };
		27E82EAA1C0EC72D00C879AF /* BracketSlot.swift */ = {isa = PBXFileReference; fileEncoding = 4; lastKnownFileType = sourcecode.swift; path = BracketSlot.swift; sourceTree = "<group>"; };
		27E82EB31C0EC91F00C879AF /* Bracket.swift */ = {isa = PBXFileReference; fileEncoding = 4; lastKnownFileType = sourcecode.swift; path = Bracket.swift; sourceTree = "<group>"; };
		27E82EB71C0F7C9900C879AF /* TournamentTabBarController.swift */ = {isa = PBXFileReference; fileEncoding = 4; lastKnownFileType = sourcecode.swift; path = TournamentTabBarController.swift; sourceTree = "<group>"; };
		27E82EB91C0F830400C879AF /* GroupStageViewController.swift */ = {isa = PBXFileReference; fileEncoding = 4; lastKnownFileType = sourcecode.swift; path = GroupStageViewController.swift; sourceTree = "<group>"; };
		27E82EBE1C0FAD2C00C879AF /* Group+CoreDataProperties.swift */ = {isa = PBXFileReference; fileEncoding = 4; lastKnownFileType = sourcecode.swift; path = "Group+CoreDataProperties.swift"; sourceTree = "<group>"; };
		27E82EBF1C0FAD2C00C879AF /* BracketSlot+CoreDataProperties.swift */ = {isa = PBXFileReference; fileEncoding = 4; lastKnownFileType = sourcecode.swift; path = "BracketSlot+CoreDataProperties.swift"; sourceTree = "<group>"; };
		27E82EC01C0FAD2C00C879AF /* Entrant+CoreDataProperties.swift */ = {isa = PBXFileReference; fileEncoding = 4; lastKnownFileType = sourcecode.swift; path = "Entrant+CoreDataProperties.swift"; sourceTree = "<group>"; };
		3DD00475E5B69E4725D05E95 /* libPods-TournaMake.a */ = {isa = PBXFileReference; explicitFileType = archive.ar; includeInIndex = 0; path = "libPods-TournaMake.a"; sourceTree = BUILT_PRODUCTS_DIR; };
		FF6AD432873447A9F6E730B8 /* Pods-TournaMake.release.xcconfig */ = {isa = PBXFileReference; includeInIndex = 1; lastKnownFileType = text.xcconfig; name = "Pods-TournaMake.release.xcconfig"; path = "Pods/Target Support Files/Pods-TournaMake/Pods-TournaMake.release.xcconfig"; sourceTree = "<group>"; };
/* End PBXFileReference section */

/* Begin PBXFrameworksBuildPhase section */
		27A0AE941BF814A900AA57F1 /* Frameworks */ = {
			isa = PBXFrameworksBuildPhase;
			buildActionMask = 2147483647;
			files = (
				D4DBC17C9AC109A93517C432 /* libPods-TournaMake.a in Frameworks */,
			);
			runOnlyForDeploymentPostprocessing = 0;
		};
		27A0AEAB1BF814A900AA57F1 /* Frameworks */ = {
			isa = PBXFrameworksBuildPhase;
			buildActionMask = 2147483647;
			files = (
			);
			runOnlyForDeploymentPostprocessing = 0;
		};
		27A0AEB61BF814A900AA57F1 /* Frameworks */ = {
			isa = PBXFrameworksBuildPhase;
			buildActionMask = 2147483647;
			files = (
			);
			runOnlyForDeploymentPostprocessing = 0;
		};
/* End PBXFrameworksBuildPhase section */

/* Begin PBXGroup section */
		2755FD4A1C3AFFD700FFF82F /* Subclasses */ = {
			isa = PBXGroup;
			children = (
				27A0AEF51BFD37E700AA57F1 /* TableViewCells */,
			);
			name = Subclasses;
			sourceTree = "<group>";
		};
		277ADAEC1BFE871A00E17F0E /* 3rdParty */ = {
			isa = PBXGroup;
			children = (
				27B6762D1C2C991E003FDC36 /* MDSpreadView */,
				277ADAEE1BFE87E000E17F0E /* MMPickerView.h */,
				277ADAEF1BFE87E000E17F0E /* MMPickerView.m */,
				277ADAED1BFE87DF00E17F0E /* TournaMake-Bridging-Header.h */,
			);
			name = 3rdParty;
			sourceTree = "<group>";
		};
		27A0AE8E1BF814A900AA57F1 = {
			isa = PBXGroup;
			children = (
				27A0AE991BF814A900AA57F1 /* TournaMake */,
				27A0AEB11BF814A900AA57F1 /* TournaMakeTests */,
				27A0AEBC1BF814A900AA57F1 /* TournaMakeUITests */,
				27A0AE981BF814A900AA57F1 /* Products */,
				BF0C32A83365C9471BA7C672 /* Pods */,
				55B861969672340656780363 /* Frameworks */,
			);
			sourceTree = "<group>";
		};
		27A0AE981BF814A900AA57F1 /* Products */ = {
			isa = PBXGroup;
			children = (
				27A0AE971BF814A900AA57F1 /* TournaMake.app */,
				27A0AEAE1BF814A900AA57F1 /* TournaMakeTests.xctest */,
				27A0AEB91BF814A900AA57F1 /* TournaMakeUITests.xctest */,
			);
			name = Products;
			sourceTree = "<group>";
		};
		27A0AE991BF814A900AA57F1 /* TournaMake */ = {
			isa = PBXGroup;
			children = (
				27A0AE9A1BF814A900AA57F1 /* AppDelegate.swift */,
				27A0AECB1BF8411800AA57F1 /* ViewControllers */,
				27A0AED01BFBEFF100AA57F1 /* Models */,
				2755FD4A1C3AFFD700FFF82F /* Subclasses */,
				27A0AEEE1BFC2A0C00AA57F1 /* Helpers */,
				277ADAEC1BFE871A00E17F0E /* 3rdParty */,
				27A0AEFA1BFE586100AA57F1 /* UI-Items */,
				27B6764A1C377542003FDC36 /* Images */,
				27A0AE9E1BF814A900AA57F1 /* Main.storyboard */,
				27A0AEA41BF814A900AA57F1 /* Assets.xcassets */,
				27A0AEA61BF814A900AA57F1 /* LaunchScreen.storyboard */,
				27A0AEA91BF814A900AA57F1 /* Info.plist */,
				27BCFFB81C90B41500B6135C /* Secrets.plist */,
				27A0AEA11BF814A900AA57F1 /* TournaMake.xcdatamodeld */,
			);
			path = TournaMake;
			sourceTree = "<group>";
		};
		27A0AEB11BF814A900AA57F1 /* TournaMakeTests */ = {
			isa = PBXGroup;
			children = (
				27A0AEB21BF814A900AA57F1 /* TournaMakeTests.swift */,
				27A0AEB41BF814A900AA57F1 /* Info.plist */,
			);
			path = TournaMakeTests;
			sourceTree = "<group>";
		};
		27A0AEBC1BF814A900AA57F1 /* TournaMakeUITests */ = {
			isa = PBXGroup;
			children = (
				27A0AEBD1BF814A900AA57F1 /* TournaMakeUITests.swift */,
				27A0AEBF1BF814A900AA57F1 /* Info.plist */,
			);
			path = TournaMakeUITests;
			sourceTree = "<group>";
		};
		27A0AECB1BF8411800AA57F1 /* ViewControllers */ = {
			isa = PBXGroup;
			children = (
				2755FD4E1C3B338B00FFF82F /* TournamentNavigationController.swift */,
				27A0AE9C1BF814A900AA57F1 /* LoginViewController.swift */,
				27A0AECC1BF8415500AA57F1 /* SignUpViewController.swift */,
				27A0AECE1BF846A400AA57F1 /* MyTournamentsViewController.swift */,
				27A0AEEB1BFBF4A800AA57F1 /* CreateTournamentViewController.swift */,
				27A0AEF31BFD0AFE00AA57F1 /* CreateGroupStageViewController.swift */,
				277ADAF31BFECED500E17F0E /* CreateKnockoutViewController.swift */,
				27E82EB71C0F7C9900C879AF /* TournamentTabBarController.swift */,
				27E82EB91C0F830400C879AF /* GroupStageViewController.swift */,
				272E9E561C0FDC200043E433 /* GroupStandingsViewController.swift */,
				27B4F6FF1C178E1300019D3B /* BracketViewController.swift */,
			);
			name = ViewControllers;
			sourceTree = "<group>";
		};
		27A0AED01BFBEFF100AA57F1 /* Models */ = {
			isa = PBXGroup;
			children = (
				27A0AEF81BFD3A7900AA57F1 /* TournamentData.swift */,
				272E9E5A1C100E1E0043E433 /* EntrantRecord.swift */,
				277ADAF51BFEF3C600E17F0E /* BracketMatch.swift */,
				27A0AED21BFBF00D00AA57F1 /* Tournament.swift */,
				27A0AED61BFBF02000AA57F1 /* Entrant.swift */,
				27A0AEDA1BFBF02E00AA57F1 /* Match.swift */,
				27E82E9C1C0E6FF700C879AF /* Group.swift */,
				27E82EAA1C0EC72D00C879AF /* BracketSlot.swift */,
				27E82EB31C0EC91F00C879AF /* Bracket.swift */,
				27E82EBE1C0FAD2C00C879AF /* Group+CoreDataProperties.swift */,
				27E82EBF1C0FAD2C00C879AF /* BracketSlot+CoreDataProperties.swift */,
				27E82EC01C0FAD2C00C879AF /* Entrant+CoreDataProperties.swift */,
				27B4F7011C17A58E00019D3B /* Match+CoreDataProperties.swift */,
				2755FD501C3DD38400FFF82F /* Tournament+CoreDataProperties.swift */,
				2755FD511C3DD38400FFF82F /* Bracket+CoreDataProperties.swift */,
			);
			name = Models;
			sourceTree = "<group>";
		};
		27A0AEEE1BFC2A0C00AA57F1 /* Helpers */ = {
			isa = PBXGroup;
			children = (
				27E82E931C03EA4000C879AF /* GlobalConstants.swift */,
				27A0AEEF1BFC2A2900AA57F1 /* AlgorithmUtil.swift */,
				27A0AEF11BFC429200AA57F1 /* UIHelper.swift */,
				27E82E891BFFA13B00C879AF /* MathHelper.swift */,
				27E82E8B1BFFCCC200C879AF /* BracketCalculator.swift */,
				27E82E8D1BFFF82700C879AF /* GroupCalculator.swift */,
				27E82E951C051A5A00C879AF /* CoreDataUtil.swift */,
				272E9E581C100BFD0043E433 /* StandingsCalculator.swift */,
			);
			name = Helpers;
			sourceTree = "<group>";
		};
		27A0AEF51BFD37E700AA57F1 /* TableViewCells */ = {
			isa = PBXGroup;
			children = (
				27A0AEF61BFD383400AA57F1 /* CreateGroupSlotCell.swift */,
				27B676441C3370DF003FDC36 /* TournamentCell.swift */,
			);
			name = TableViewCells;
			sourceTree = "<group>";
		};
		27A0AEFA1BFE586100AA57F1 /* UI-Items */ = {
			isa = PBXGroup;
			children = (
				277ADAF11BFE942C00E17F0E /* PickerGroupButton.swift */,
				27E82E911C03D5BC00C879AF /* PickerBracketButton.swift */,
			);
			name = "UI-Items";
			sourceTree = "<group>";
		};
		27B6762D1C2C991E003FDC36 /* MDSpreadView */ = {
			isa = PBXGroup;
			children = (
				27B6762E1C2C9948003FDC36 /* MDSpreadView.h */,
				27B6762F1C2C9948003FDC36 /* MDSpreadView.m */,
				27B676301C2C9948003FDC36 /* MDSpreadViewCell.h */,
				27B676311C2C9948003FDC36 /* MDSpreadViewCell.m */,
				27B676321C2C9948003FDC36 /* MDSpreadViewCellBackground.h */,
				27B676331C2C9948003FDC36 /* MDSpreadViewCellBackground.m */,
				27B676341C2C9948003FDC36 /* MDSpreadViewCellColumnHeaderBackground.h */,
				27B676351C2C9948003FDC36 /* MDSpreadViewCellColumnHeaderBackground.m */,
				27B676361C2C9948003FDC36 /* MDSpreadViewCellCornerHeaderBackground.h */,
				27B676371C2C9948003FDC36 /* MDSpreadViewCellCornerHeaderBackground.m */,
				27B676381C2C9948003FDC36 /* MDSpreadViewCellRowHeaderBackground.h */,
				27B676391C2C9948003FDC36 /* MDSpreadViewCellRowHeaderBackground.m */,
				27B6763A1C2C9948003FDC36 /* MDSpreadViewClasses.h */,
				27B6763B1C2C9948003FDC36 /* MDSpreadViewHeaderCell.h */,
				27B6763C1C2C9948003FDC36 /* MDSpreadViewHeaderCell.m */,
			);
			name = MDSpreadView;
			sourceTree = "<group>";
		};
		27B6764A1C377542003FDC36 /* Images */ = {
			isa = PBXGroup;
			children = (
				27B6764B1C379314003FDC36 /* dropDownSelectBox.png */,
			);
			name = Images;
			sourceTree = "<group>";
		};
		55B861969672340656780363 /* Frameworks */ = {
			isa = PBXGroup;
			children = (
				3DD00475E5B69E4725D05E95 /* libPods-TournaMake.a */,
			);
			name = Frameworks;
			sourceTree = "<group>";
		};
		BF0C32A83365C9471BA7C672 /* Pods */ = {
			isa = PBXGroup;
			children = (
				27212F0B93DD983C010933D0 /* Pods-TournaMake.debug.xcconfig */,
				FF6AD432873447A9F6E730B8 /* Pods-TournaMake.release.xcconfig */,
			);
			name = Pods;
			sourceTree = "<group>";
		};
/* End PBXGroup section */

/* Begin PBXNativeTarget section */
		27A0AE961BF814A900AA57F1 /* TournaMake */ = {
			isa = PBXNativeTarget;
			buildConfigurationList = 27A0AEC21BF814A900AA57F1 /* Build configuration list for PBXNativeTarget "TournaMake" */;
			buildPhases = (
				CAA03C870BBC84F07B1DE69F /* Check Pods Manifest.lock */,
				27A0AE931BF814A900AA57F1 /* Sources */,
				27A0AE941BF814A900AA57F1 /* Frameworks */,
				27A0AE951BF814A900AA57F1 /* Resources */,
				47D0FB5998622118EDA8D977 /* Embed Pods Frameworks */,
				6A3506E9F31F57A86334EEBF /* Copy Pods Resources */,
			);
			buildRules = (
			);
			dependencies = (
			);
			name = TournaMake;
			productName = TournaMake;
			productReference = 27A0AE971BF814A900AA57F1 /* TournaMake.app */;
			productType = "com.apple.product-type.application";
		};
		27A0AEAD1BF814A900AA57F1 /* TournaMakeTests */ = {
			isa = PBXNativeTarget;
			buildConfigurationList = 27A0AEC51BF814A900AA57F1 /* Build configuration list for PBXNativeTarget "TournaMakeTests" */;
			buildPhases = (
				27A0AEAA1BF814A900AA57F1 /* Sources */,
				27A0AEAB1BF814A900AA57F1 /* Frameworks */,
				27A0AEAC1BF814A900AA57F1 /* Resources */,
			);
			buildRules = (
			);
			dependencies = (
				27A0AEB01BF814A900AA57F1 /* PBXTargetDependency */,
			);
			name = TournaMakeTests;
			productName = TournaMakeTests;
			productReference = 27A0AEAE1BF814A900AA57F1 /* TournaMakeTests.xctest */;
			productType = "com.apple.product-type.bundle.unit-test";
		};
		27A0AEB81BF814A900AA57F1 /* TournaMakeUITests */ = {
			isa = PBXNativeTarget;
			buildConfigurationList = 27A0AEC81BF814A900AA57F1 /* Build configuration list for PBXNativeTarget "TournaMakeUITests" */;
			buildPhases = (
				27A0AEB51BF814A900AA57F1 /* Sources */,
				27A0AEB61BF814A900AA57F1 /* Frameworks */,
				27A0AEB71BF814A900AA57F1 /* Resources */,
			);
			buildRules = (
			);
			dependencies = (
				27A0AEBB1BF814A900AA57F1 /* PBXTargetDependency */,
			);
			name = TournaMakeUITests;
			productName = TournaMakeUITests;
			productReference = 27A0AEB91BF814A900AA57F1 /* TournaMakeUITests.xctest */;
			productType = "com.apple.product-type.bundle.ui-testing";
		};
/* End PBXNativeTarget section */

/* Begin PBXProject section */
		27A0AE8F1BF814A900AA57F1 /* Project object */ = {
			isa = PBXProject;
			attributes = {
				LastSwiftUpdateCheck = 0710;
				LastUpgradeCheck = 0710;
				ORGANIZATIONNAME = "Dan Hoang";
				TargetAttributes = {
					27A0AE961BF814A900AA57F1 = {
						CreatedOnToolsVersion = 7.1.1;
						DevelopmentTeam = L897SQDS85;
					};
					27A0AEAD1BF814A900AA57F1 = {
						CreatedOnToolsVersion = 7.1.1;
						TestTargetID = 27A0AE961BF814A900AA57F1;
					};
					27A0AEB81BF814A900AA57F1 = {
						CreatedOnToolsVersion = 7.1.1;
						TestTargetID = 27A0AE961BF814A900AA57F1;
					};
				};
			};
			buildConfigurationList = 27A0AE921BF814A900AA57F1 /* Build configuration list for PBXProject "TournaMake" */;
			compatibilityVersion = "Xcode 3.2";
			developmentRegion = English;
			hasScannedForEncodings = 0;
			knownRegions = (
				en,
				Base,
			);
			mainGroup = 27A0AE8E1BF814A900AA57F1;
			productRefGroup = 27A0AE981BF814A900AA57F1 /* Products */;
			projectDirPath = "";
			projectRoot = "";
			targets = (
				27A0AE961BF814A900AA57F1 /* TournaMake */,
				27A0AEAD1BF814A900AA57F1 /* TournaMakeTests */,
				27A0AEB81BF814A900AA57F1 /* TournaMakeUITests */,
			);
		};
/* End PBXProject section */

/* Begin PBXResourcesBuildPhase section */
		27A0AE951BF814A900AA57F1 /* Resources */ = {
			isa = PBXResourcesBuildPhase;
			buildActionMask = 2147483647;
			files = (
				27A0AEA81BF814A900AA57F1 /* LaunchScreen.storyboard in Resources */,
				27BCFFB91C90B41600B6135C /* Secrets.plist in Resources */,
				27A0AEA51BF814A900AA57F1 /* Assets.xcassets in Resources */,
				27B6764C1C379314003FDC36 /* dropDownSelectBox.png in Resources */,
				27A0AEA01BF814A900AA57F1 /* Main.storyboard in Resources */,
			);
			runOnlyForDeploymentPostprocessing = 0;
		};
		27A0AEAC1BF814A900AA57F1 /* Resources */ = {
			isa = PBXResourcesBuildPhase;
			buildActionMask = 2147483647;
			files = (
			);
			runOnlyForDeploymentPostprocessing = 0;
		};
		27A0AEB71BF814A900AA57F1 /* Resources */ = {
			isa = PBXResourcesBuildPhase;
			buildActionMask = 2147483647;
			files = (
			);
			runOnlyForDeploymentPostprocessing = 0;
		};
/* End PBXResourcesBuildPhase section */

/* Begin PBXShellScriptBuildPhase section */
		47D0FB5998622118EDA8D977 /* Embed Pods Frameworks */ = {
			isa = PBXShellScriptBuildPhase;
			buildActionMask = 2147483647;
			files = (
			);
			inputPaths = (
			);
			name = "Embed Pods Frameworks";
			outputPaths = (
			);
			runOnlyForDeploymentPostprocessing = 0;
			shellPath = /bin/sh;
			shellScript = "\"${SRCROOT}/Pods/Target Support Files/Pods-TournaMake/Pods-TournaMake-frameworks.sh\"\n";
			showEnvVarsInLog = 0;
		};
		6A3506E9F31F57A86334EEBF /* Copy Pods Resources */ = {
			isa = PBXShellScriptBuildPhase;
			buildActionMask = 2147483647;
			files = (
			);
			inputPaths = (
			);
			name = "Copy Pods Resources";
			outputPaths = (
			);
			runOnlyForDeploymentPostprocessing = 0;
			shellPath = /bin/sh;
			shellScript = "\"${SRCROOT}/Pods/Target Support Files/Pods-TournaMake/Pods-TournaMake-resources.sh\"\n";
			showEnvVarsInLog = 0;
		};
		CAA03C870BBC84F07B1DE69F /* Check Pods Manifest.lock */ = {
			isa = PBXShellScriptBuildPhase;
			buildActionMask = 2147483647;
			files = (
			);
			inputPaths = (
			);
			name = "Check Pods Manifest.lock";
			outputPaths = (
			);
			runOnlyForDeploymentPostprocessing = 0;
			shellPath = /bin/sh;
			shellScript = "diff \"${PODS_ROOT}/../Podfile.lock\" \"${PODS_ROOT}/Manifest.lock\" > /dev/null\nif [[ $? != 0 ]] ; then\n    cat << EOM\nerror: The sandbox is not in sync with the Podfile.lock. Run 'pod install' or update your CocoaPods installation.\nEOM\n    exit 1\nfi\n";
			showEnvVarsInLog = 0;
		};
/* End PBXShellScriptBuildPhase section */

/* Begin PBXSourcesBuildPhase section */
		27A0AE931BF814A900AA57F1 /* Sources */ = {
			isa = PBXSourcesBuildPhase;
			buildActionMask = 2147483647;
			files = (
				27E82E8C1BFFCCC200C879AF /* BracketCalculator.swift in Sources */,
				277ADAF61BFEF3C600E17F0E /* BracketMatch.swift in Sources */,
				27A0AED41BFBF00D00AA57F1 /* Tournament.swift in Sources */,
				277ADAF41BFECED500E17F0E /* CreateKnockoutViewController.swift in Sources */,
				2755FD531C3DD38400FFF82F /* Bracket+CoreDataProperties.swift in Sources */,
				27B4F7001C178E1300019D3B /* BracketViewController.swift in Sources */,
				27E82EB81C0F7C9900C879AF /* TournamentTabBarController.swift in Sources */,
				27A0AEF01BFC2A2900AA57F1 /* AlgorithmUtil.swift in Sources */,
				272E9E591C100BFD0043E433 /* StandingsCalculator.swift in Sources */,
				27E82E8A1BFFA13B00C879AF /* MathHelper.swift in Sources */,
				27E82EBA1C0F830400C879AF /* GroupStageViewController.swift in Sources */,
				27E82EC51C0FAD2C00C879AF /* BracketSlot+CoreDataProperties.swift in Sources */,
				277ADAF01BFE87E000E17F0E /* MMPickerView.m in Sources */,
				27E82EC41C0FAD2C00C879AF /* Group+CoreDataProperties.swift in Sources */,
				27B4F7031C17A58E00019D3B /* Match+CoreDataProperties.swift in Sources */,
				272E9E571C0FDC200043E433 /* GroupStandingsViewController.swift in Sources */,
				27E82EC61C0FAD2C00C879AF /* Entrant+CoreDataProperties.swift in Sources */,
				2755FD4F1C3B338B00FFF82F /* TournamentNavigationController.swift in Sources */,
				27B676411C2C9948003FDC36 /* MDSpreadViewCellCornerHeaderBackground.m in Sources */,
				27A0AEF91BFD3A7900AA57F1 /* TournamentData.swift in Sources */,
				27E82EAF1C0EC72D00C879AF /* BracketSlot.swift in Sources */,
				27A0AEA31BF814A900AA57F1 /* TournaMake.xcdatamodeld in Sources */,
				27A0AEEC1BFBF4A800AA57F1 /* CreateTournamentViewController.swift in Sources */,
				27A0AE9D1BF814A900AA57F1 /* LoginViewController.swift in Sources */,
				27A0AEF71BFD383400AA57F1 /* CreateGroupSlotCell.swift in Sources */,
				277ADAF21BFE942C00E17F0E /* PickerGroupButton.swift in Sources */,
				27A0AECD1BF8415500AA57F1 /* SignUpViewController.swift in Sources */,
				27E82E921C03D5BC00C879AF /* PickerBracketButton.swift in Sources */,
				27A0AED81BFBF02000AA57F1 /* Entrant.swift in Sources */,
				272E9E5B1C100E1E0043E433 /* EntrantRecord.swift in Sources */,
				27E82E941C03EA4000C879AF /* GlobalConstants.swift in Sources */,
				2755FD521C3DD38400FFF82F /* Tournament+CoreDataProperties.swift in Sources */,
				27E82E961C051A5A00C879AF /* CoreDataUtil.swift in Sources */,
				27B676431C2C9948003FDC36 /* MDSpreadViewHeaderCell.m in Sources */,
				27B676401C2C9948003FDC36 /* MDSpreadViewCellColumnHeaderBackground.m in Sources */,
				27E82EA11C0E6FF700C879AF /* Group.swift in Sources */,
				27B676421C2C9948003FDC36 /* MDSpreadViewCellRowHeaderBackground.m in Sources */,
				27B6763F1C2C9948003FDC36 /* MDSpreadViewCellBackground.m in Sources */,
				27A0AEF41BFD0AFE00AA57F1 /* CreateGroupStageViewController.swift in Sources */,
				27E82EB41C0EC91F00C879AF /* Bracket.swift in Sources */,
				27A0AE9B1BF814A900AA57F1 /* AppDelegate.swift in Sources */,
				27A0AEDC1BFBF02E00AA57F1 /* Match.swift in Sources */,
				27B6763D1C2C9948003FDC36 /* MDSpreadView.m in Sources */,
				27B6763E1C2C9948003FDC36 /* MDSpreadViewCell.m in Sources */,
				27A0AECF1BF846A400AA57F1 /* MyTournamentsViewController.swift in Sources */,
				27E82E8E1BFFF82700C879AF /* GroupCalculator.swift in Sources */,
				27A0AEF21BFC429200AA57F1 /* UIHelper.swift in Sources */,
				27B676451C3370DF003FDC36 /* TournamentCell.swift in Sources */,
			);
			runOnlyForDeploymentPostprocessing = 0;
		};
		27A0AEAA1BF814A900AA57F1 /* Sources */ = {
			isa = PBXSourcesBuildPhase;
			buildActionMask = 2147483647;
			files = (
				27A0AEB31BF814A900AA57F1 /* TournaMakeTests.swift in Sources */,
			);
			runOnlyForDeploymentPostprocessing = 0;
		};
		27A0AEB51BF814A900AA57F1 /* Sources */ = {
			isa = PBXSourcesBuildPhase;
			buildActionMask = 2147483647;
			files = (
				27A0AEBE1BF814A900AA57F1 /* TournaMakeUITests.swift in Sources */,
			);
			runOnlyForDeploymentPostprocessing = 0;
		};
/* End PBXSourcesBuildPhase section */

/* Begin PBXTargetDependency section */
		27A0AEB01BF814A900AA57F1 /* PBXTargetDependency */ = {
			isa = PBXTargetDependency;
			target = 27A0AE961BF814A900AA57F1 /* TournaMake */;
			targetProxy = 27A0AEAF1BF814A900AA57F1 /* PBXContainerItemProxy */;
		};
		27A0AEBB1BF814A900AA57F1 /* PBXTargetDependency */ = {
			isa = PBXTargetDependency;
			target = 27A0AE961BF814A900AA57F1 /* TournaMake */;
			targetProxy = 27A0AEBA1BF814A900AA57F1 /* PBXContainerItemProxy */;
		};
/* End PBXTargetDependency section */

/* Begin PBXVariantGroup section */
		27A0AE9E1BF814A900AA57F1 /* Main.storyboard */ = {
			isa = PBXVariantGroup;
			children = (
				27A0AE9F1BF814A900AA57F1 /* Base */,
			);
			name = Main.storyboard;
			sourceTree = "<group>";
		};
		27A0AEA61BF814A900AA57F1 /* LaunchScreen.storyboard */ = {
			isa = PBXVariantGroup;
			children = (
				27A0AEA71BF814A900AA57F1 /* Base */,
			);
			name = LaunchScreen.storyboard;
			sourceTree = "<group>";
		};
/* End PBXVariantGroup section */

/* Begin XCBuildConfiguration section */
		27A0AEC01BF814A900AA57F1 /* Debug */ = {
			isa = XCBuildConfiguration;
			buildSettings = {
				ALWAYS_SEARCH_USER_PATHS = NO;
				CLANG_CXX_LANGUAGE_STANDARD = "gnu++0x";
				CLANG_CXX_LIBRARY = "libc++";
				CLANG_ENABLE_MODULES = YES;
				CLANG_ENABLE_OBJC_ARC = YES;
				CLANG_WARN_BOOL_CONVERSION = YES;
				CLANG_WARN_CONSTANT_CONVERSION = YES;
				CLANG_WARN_DIRECT_OBJC_ISA_USAGE = YES_ERROR;
				CLANG_WARN_EMPTY_BODY = YES;
				CLANG_WARN_ENUM_CONVERSION = YES;
				CLANG_WARN_INT_CONVERSION = YES;
				CLANG_WARN_OBJC_ROOT_CLASS = YES_ERROR;
				CLANG_WARN_UNREACHABLE_CODE = YES;
				CLANG_WARN__DUPLICATE_METHOD_MATCH = YES;
				"CODE_SIGN_IDENTITY[sdk=iphoneos*]" = "iPhone Developer";
				COPY_PHASE_STRIP = NO;
				DEBUG_INFORMATION_FORMAT = dwarf;
				ENABLE_STRICT_OBJC_MSGSEND = YES;
				ENABLE_TESTABILITY = YES;
				GCC_C_LANGUAGE_STANDARD = gnu99;
				GCC_DYNAMIC_NO_PIC = NO;
				GCC_NO_COMMON_BLOCKS = YES;
				GCC_OPTIMIZATION_LEVEL = 0;
				GCC_PREPROCESSOR_DEFINITIONS = (
					"DEBUG=1",
					"$(inherited)",
				);
				GCC_WARN_64_TO_32_BIT_CONVERSION = YES;
				GCC_WARN_ABOUT_RETURN_TYPE = YES_ERROR;
				GCC_WARN_UNDECLARED_SELECTOR = YES;
				GCC_WARN_UNINITIALIZED_AUTOS = YES_AGGRESSIVE;
				GCC_WARN_UNUSED_FUNCTION = YES;
				GCC_WARN_UNUSED_VARIABLE = YES;
				IPHONEOS_DEPLOYMENT_TARGET = 9.1;
				MTL_ENABLE_DEBUG_INFO = YES;
				ONLY_ACTIVE_ARCH = YES;
				SDKROOT = iphoneos;
				SWIFT_OPTIMIZATION_LEVEL = "-Onone";
				TARGETED_DEVICE_FAMILY = "1,2";
			};
			name = Debug;
		};
		27A0AEC11BF814A900AA57F1 /* Release */ = {
			isa = XCBuildConfiguration;
			buildSettings = {
				ALWAYS_SEARCH_USER_PATHS = NO;
				CLANG_CXX_LANGUAGE_STANDARD = "gnu++0x";
				CLANG_CXX_LIBRARY = "libc++";
				CLANG_ENABLE_MODULES = YES;
				CLANG_ENABLE_OBJC_ARC = YES;
				CLANG_WARN_BOOL_CONVERSION = YES;
				CLANG_WARN_CONSTANT_CONVERSION = YES;
				CLANG_WARN_DIRECT_OBJC_ISA_USAGE = YES_ERROR;
				CLANG_WARN_EMPTY_BODY = YES;
				CLANG_WARN_ENUM_CONVERSION = YES;
				CLANG_WARN_INT_CONVERSION = YES;
				CLANG_WARN_OBJC_ROOT_CLASS = YES_ERROR;
				CLANG_WARN_UNREACHABLE_CODE = YES;
				CLANG_WARN__DUPLICATE_METHOD_MATCH = YES;
				"CODE_SIGN_IDENTITY[sdk=iphoneos*]" = "iPhone Developer";
				COPY_PHASE_STRIP = NO;
				DEBUG_INFORMATION_FORMAT = "dwarf-with-dsym";
				ENABLE_NS_ASSERTIONS = NO;
				ENABLE_STRICT_OBJC_MSGSEND = YES;
				GCC_C_LANGUAGE_STANDARD = gnu99;
				GCC_NO_COMMON_BLOCKS = YES;
				GCC_WARN_64_TO_32_BIT_CONVERSION = YES;
				GCC_WARN_ABOUT_RETURN_TYPE = YES_ERROR;
				GCC_WARN_UNDECLARED_SELECTOR = YES;
				GCC_WARN_UNINITIALIZED_AUTOS = YES_AGGRESSIVE;
				GCC_WARN_UNUSED_FUNCTION = YES;
				GCC_WARN_UNUSED_VARIABLE = YES;
				IPHONEOS_DEPLOYMENT_TARGET = 9.1;
				MTL_ENABLE_DEBUG_INFO = NO;
				SDKROOT = iphoneos;
				TARGETED_DEVICE_FAMILY = "1,2";
				VALIDATE_PRODUCT = YES;
			};
			name = Release;
		};
		27A0AEC31BF814A900AA57F1 /* Debug */ = {
			isa = XCBuildConfiguration;
			baseConfigurationReference = 27212F0B93DD983C010933D0 /* Pods-TournaMake.debug.xcconfig */;
			buildSettings = {
				ASSETCATALOG_COMPILER_APPICON_NAME = AppIcon;
				CLANG_ENABLE_MODULES = YES;
				CODE_SIGN_IDENTITY = "iPhone Developer";
				"CODE_SIGN_IDENTITY[sdk=iphoneos*]" = "iPhone Developer";
				INFOPLIST_FILE = TournaMake/Info.plist;
				IPHONEOS_DEPLOYMENT_TARGET = 9.2;
				LD_RUNPATH_SEARCH_PATHS = "$(inherited) @executable_path/Frameworks";
				ONLY_ACTIVE_ARCH = YES;
				PRODUCT_BUNDLE_IDENTIFIER = com.danhoang.TournaMake;
				PRODUCT_NAME = "$(TARGET_NAME)";
				PROVISIONING_PROFILE = "";
				SWIFT_OBJC_BRIDGING_HEADER = "TournaMake/TournaMake-Bridging-Header.h";
				SWIFT_OPTIMIZATION_LEVEL = "-Onone";
				TARGETED_DEVICE_FAMILY = 1;
				VALID_ARCHS = "arm64 armv7 armv7s";
			};
			name = Debug;
		};
		27A0AEC41BF814A900AA57F1 /* Release */ = {
			isa = XCBuildConfiguration;
			baseConfigurationReference = FF6AD432873447A9F6E730B8 /* Pods-TournaMake.release.xcconfig */;
			buildSettings = {
				ASSETCATALOG_COMPILER_APPICON_NAME = AppIcon;
				CLANG_ENABLE_MODULES = YES;
				CODE_SIGN_IDENTITY = "iPhone Developer";
				"CODE_SIGN_IDENTITY[sdk=iphoneos*]" = "iPhone Developer";
				INFOPLIST_FILE = TournaMake/Info.plist;
				IPHONEOS_DEPLOYMENT_TARGET = 9.2;
				LD_RUNPATH_SEARCH_PATHS = "$(inherited) @executable_path/Frameworks";
				ONLY_ACTIVE_ARCH = NO;
				PRODUCT_BUNDLE_IDENTIFIER = com.danhoang.TournaMake;
				PRODUCT_NAME = "$(TARGET_NAME)";
				PROVISIONING_PROFILE = "";
				SWIFT_OBJC_BRIDGING_HEADER = "TournaMake/TournaMake-Bridging-Header.h";
				TARGETED_DEVICE_FAMILY = 1;
				VALID_ARCHS = "arm64 armv7 armv7s";
			};
			name = Release;
		};
		27A0AEC61BF814A900AA57F1 /* Debug */ = {
			isa = XCBuildConfiguration;
			buildSettings = {
				BUNDLE_LOADER = "$(TEST_HOST)";
				INFOPLIST_FILE = TournaMakeTests/Info.plist;
				LD_RUNPATH_SEARCH_PATHS = "$(inherited) @executable_path/Frameworks @loader_path/Frameworks";
				PRODUCT_BUNDLE_IDENTIFIER = com.danhoang.TournaMakeTests;
				PRODUCT_NAME = "$(TARGET_NAME)";
				TEST_HOST = "$(BUILT_PRODUCTS_DIR)/TournaMake.app/TournaMake";
			};
			name = Debug;
		};
		27A0AEC71BF814A900AA57F1 /* Release */ = {
			isa = XCBuildConfiguration;
			buildSettings = {
				BUNDLE_LOADER = "$(TEST_HOST)";
				INFOPLIST_FILE = TournaMakeTests/Info.plist;
				LD_RUNPATH_SEARCH_PATHS = "$(inherited) @executable_path/Frameworks @loader_path/Frameworks";
				PRODUCT_BUNDLE_IDENTIFIER = com.danhoang.TournaMakeTests;
				PRODUCT_NAME = "$(TARGET_NAME)";
				TEST_HOST = "$(BUILT_PRODUCTS_DIR)/TournaMake.app/TournaMake";
			};
			name = Release;
		};
		27A0AEC91BF814A900AA57F1 /* Debug */ = {
			isa = XCBuildConfiguration;
			buildSettings = {
				INFOPLIST_FILE = TournaMakeUITests/Info.plist;
				LD_RUNPATH_SEARCH_PATHS = "$(inherited) @executable_path/Frameworks @loader_path/Frameworks";
				PRODUCT_BUNDLE_IDENTIFIER = com.danhoang.TournaMakeUITests;
				PRODUCT_NAME = "$(TARGET_NAME)";
				TEST_TARGET_NAME = TournaMake;
				USES_XCTRUNNER = YES;
			};
			name = Debug;
		};
		27A0AECA1BF814A900AA57F1 /* Release */ = {
			isa = XCBuildConfiguration;
			buildSettings = {
				INFOPLIST_FILE = TournaMakeUITests/Info.plist;
				LD_RUNPATH_SEARCH_PATHS = "$(inherited) @executable_path/Frameworks @loader_path/Frameworks";
				PRODUCT_BUNDLE_IDENTIFIER = com.danhoang.TournaMakeUITests;
				PRODUCT_NAME = "$(TARGET_NAME)";
				TEST_TARGET_NAME = TournaMake;
				USES_XCTRUNNER = YES;
			};
			name = Release;
		};
/* End XCBuildConfiguration section */

/* Begin XCConfigurationList section */
		27A0AE921BF814A900AA57F1 /* Build configuration list for PBXProject "TournaMake" */ = {
			isa = XCConfigurationList;
			buildConfigurations = (
				27A0AEC01BF814A900AA57F1 /* Debug */,
				27A0AEC11BF814A900AA57F1 /* Release */,
			);
			defaultConfigurationIsVisible = 0;
			defaultConfigurationName = Release;
		};
		27A0AEC21BF814A900AA57F1 /* Build configuration list for PBXNativeTarget "TournaMake" */ = {
			isa = XCConfigurationList;
			buildConfigurations = (
				27A0AEC31BF814A900AA57F1 /* Debug */,
				27A0AEC41BF814A900AA57F1 /* Release */,
			);
			defaultConfigurationIsVisible = 0;
			defaultConfigurationName = Release;
		};
		27A0AEC51BF814A900AA57F1 /* Build configuration list for PBXNativeTarget "TournaMakeTests" */ = {
			isa = XCConfigurationList;
			buildConfigurations = (
				27A0AEC61BF814A900AA57F1 /* Debug */,
				27A0AEC71BF814A900AA57F1 /* Release */,
			);
			defaultConfigurationIsVisible = 0;
			defaultConfigurationName = Release;
		};
		27A0AEC81BF814A900AA57F1 /* Build configuration list for PBXNativeTarget "TournaMakeUITests" */ = {
			isa = XCConfigurationList;
			buildConfigurations = (
				27A0AEC91BF814A900AA57F1 /* Debug */,
				27A0AECA1BF814A900AA57F1 /* Release */,
			);
			defaultConfigurationIsVisible = 0;
			defaultConfigurationName = Release;
		};
/* End XCConfigurationList section */

/* Begin XCVersionGroup section */
		27A0AEA11BF814A900AA57F1 /* TournaMake.xcdatamodeld */ = {
			isa = XCVersionGroup;
			children = (
				27A0AEA21BF814A900AA57F1 /* TournaMake.xcdatamodel */,
			);
			currentVersion = 27A0AEA21BF814A900AA57F1 /* TournaMake.xcdatamodel */;
			path = TournaMake.xcdatamodeld;
			sourceTree = "<group>";
			versionGroupType = wrapper.xcdatamodel;
		};
/* End XCVersionGroup section */
	};
	rootObject = 27A0AE8F1BF814A900AA57F1 /* Project object */;
}
